// !$*UTF8*$!
{
	archiveVersion = 1;
	classes = {
	};
	objectVersion = 56;
	objects = {

/* Begin PBXBuildFile section */
		865255442BD4ED6C0033E485 /* GoogleService-Info.plist in Resources */ = {isa = PBXBuildFile; fileRef = 865255432BD4ED6C0033E485 /* GoogleService-Info.plist */; };
		865255502BD4F1560033E485 /* AppDelegate.swift in Sources */ = {isa = PBXBuildFile; fileRef = 8652554F2BD4F1560033E485 /* AppDelegate.swift */; };
		865255532BD4F2910033E485 /* FirebaseAuth in Frameworks */ = {isa = PBXBuildFile; productRef = 865255522BD4F2910033E485 /* FirebaseAuth */; };
		865255562BD4F47B0033E485 /* AuthenticationService.swift in Sources */ = {isa = PBXBuildFile; fileRef = 865255552BD4F47B0033E485 /* AuthenticationService.swift */; };
		865255592BD4F6A00033E485 /* LoginIntroView.swift in Sources */ = {isa = PBXBuildFile; fileRef = 865255582BD4F6A00033E485 /* LoginIntroView.swift */; };
		8652555C2BD4F6B30033E485 /* MainTabView.swift in Sources */ = {isa = PBXBuildFile; fileRef = 8652555B2BD4F6B30033E485 /* MainTabView.swift */; };
		8681AC192BD39513001CE0EF /* Colors.xcassets in Resources */ = {isa = PBXBuildFile; fileRef = 8681AC182BD39513001CE0EF /* Colors.xcassets */; };
		8681AC1C2BD3954A001CE0EF /* Color+Extensions.swift in Sources */ = {isa = PBXBuildFile; fileRef = 8681AC1B2BD3954A001CE0EF /* Color+Extensions.swift */; };
		8681AC202BD39D33001CE0EF /* LaunchScreen.storyboard in Resources */ = {isa = PBXBuildFile; fileRef = 8681AC1F2BD39D33001CE0EF /* LaunchScreen.storyboard */; };
		8681AC222BD39E5B001CE0EF /* DIContainer.swift in Sources */ = {isa = PBXBuildFile; fileRef = 8681AC212BD39E5B001CE0EF /* DIContainer.swift */; };
		8681AC252BD39E85001CE0EF /* Services.swift in Sources */ = {isa = PBXBuildFile; fileRef = 8681AC242BD39E85001CE0EF /* Services.swift */; };
		8681AC282BD3A020001CE0EF /* AuthenticationViewModel.swift in Sources */ = {isa = PBXBuildFile; fileRef = 8681AC272BD3A020001CE0EF /* AuthenticationViewModel.swift */; };
		868471C72BCD123F0063D163 /* MessengerApp.swift in Sources */ = {isa = PBXBuildFile; fileRef = 868471C62BCD123F0063D163 /* MessengerApp.swift */; };
		868471C92BCD123F0063D163 /* AuthenticationView.swift in Sources */ = {isa = PBXBuildFile; fileRef = 868471C82BCD123F0063D163 /* AuthenticationView.swift */; };
		868471CB2BCD12400063D163 /* Assets.xcassets in Resources */ = {isa = PBXBuildFile; fileRef = 868471CA2BCD12400063D163 /* Assets.xcassets */; };
		868471CE2BCD12400063D163 /* Preview Assets.xcassets in Resources */ = {isa = PBXBuildFile; fileRef = 868471CD2BCD12400063D163 /* Preview Assets.xcassets */; };
		868471D82BCD12400063D163 /* MessengerTests.swift in Sources */ = {isa = PBXBuildFile; fileRef = 868471D72BCD12400063D163 /* MessengerTests.swift */; };
		868471E22BCD12410063D163 /* MessengerUITests.swift in Sources */ = {isa = PBXBuildFile; fileRef = 868471E12BCD12410063D163 /* MessengerUITests.swift */; };
		868471E42BCD12410063D163 /* MessengerUITestsLaunchTests.swift in Sources */ = {isa = PBXBuildFile; fileRef = 868471E32BCD12410063D163 /* MessengerUITestsLaunchTests.swift */; };
/* End PBXBuildFile section */

/* Begin PBXContainerItemProxy section */
		868471D42BCD12400063D163 /* PBXContainerItemProxy */ = {
			isa = PBXContainerItemProxy;
			containerPortal = 868471BB2BCD123F0063D163 /* Project object */;
			proxyType = 1;
			remoteGlobalIDString = 868471C22BCD123F0063D163;
			remoteInfo = Messenger;
		};
		868471DE2BCD12410063D163 /* PBXContainerItemProxy */ = {
			isa = PBXContainerItemProxy;
			containerPortal = 868471BB2BCD123F0063D163 /* Project object */;
			proxyType = 1;
			remoteGlobalIDString = 868471C22BCD123F0063D163;
			remoteInfo = Messenger;
		};
/* End PBXContainerItemProxy section */

/* Begin PBXFileReference section */
		865255432BD4ED6C0033E485 /* GoogleService-Info.plist */ = {isa = PBXFileReference; fileEncoding = 4; lastKnownFileType = text.plist.xml; name = "GoogleService-Info.plist"; path = "../../../Downloads/GoogleService-Info.plist"; sourceTree = "<group>"; };
		8652554F2BD4F1560033E485 /* AppDelegate.swift */ = {isa = PBXFileReference; lastKnownFileType = sourcecode.swift; path = AppDelegate.swift; sourceTree = "<group>"; };
		865255542BD4F3DB0033E485 /* Info.plist */ = {isa = PBXFileReference; lastKnownFileType = text.plist.xml; path = Info.plist; sourceTree = "<group>"; };
		865255552BD4F47B0033E485 /* AuthenticationService.swift */ = {isa = PBXFileReference; lastKnownFileType = sourcecode.swift; path = AuthenticationService.swift; sourceTree = "<group>"; };
		865255582BD4F6A00033E485 /* LoginIntroView.swift */ = {isa = PBXFileReference; lastKnownFileType = sourcecode.swift; path = LoginIntroView.swift; sourceTree = "<group>"; };
		8652555B2BD4F6B30033E485 /* MainTabView.swift */ = {isa = PBXFileReference; lastKnownFileType = sourcecode.swift; path = MainTabView.swift; sourceTree = "<group>"; };
		8681AC182BD39513001CE0EF /* Colors.xcassets */ = {isa = PBXFileReference; lastKnownFileType = folder.assetcatalog; path = Colors.xcassets; sourceTree = "<group>"; };
		8681AC1B2BD3954A001CE0EF /* Color+Extensions.swift */ = {isa = PBXFileReference; lastKnownFileType = sourcecode.swift; path = "Color+Extensions.swift"; sourceTree = "<group>"; };
		8681AC1F2BD39D33001CE0EF /* LaunchScreen.storyboard */ = {isa = PBXFileReference; fileEncoding = 4; lastKnownFileType = file.storyboard; path = LaunchScreen.storyboard; sourceTree = "<group>"; };
		8681AC212BD39E5B001CE0EF /* DIContainer.swift */ = {isa = PBXFileReference; lastKnownFileType = sourcecode.swift; path = DIContainer.swift; sourceTree = "<group>"; };
		8681AC242BD39E85001CE0EF /* Services.swift */ = {isa = PBXFileReference; lastKnownFileType = sourcecode.swift; path = Services.swift; sourceTree = "<group>"; };
		8681AC272BD3A020001CE0EF /* AuthenticationViewModel.swift */ = {isa = PBXFileReference; lastKnownFileType = sourcecode.swift; path = AuthenticationViewModel.swift; sourceTree = "<group>"; };
		868471C32BCD123F0063D163 /* Messenger.app */ = {isa = PBXFileReference; explicitFileType = wrapper.application; includeInIndex = 0; path = Messenger.app; sourceTree = BUILT_PRODUCTS_DIR; };
		868471C62BCD123F0063D163 /* MessengerApp.swift */ = {isa = PBXFileReference; lastKnownFileType = sourcecode.swift; path = MessengerApp.swift; sourceTree = "<group>"; };
		868471C82BCD123F0063D163 /* AuthenticationView.swift */ = {isa = PBXFileReference; lastKnownFileType = sourcecode.swift; path = AuthenticationView.swift; sourceTree = "<group>"; };
		868471CA2BCD12400063D163 /* Assets.xcassets */ = {isa = PBXFileReference; lastKnownFileType = folder.assetcatalog; path = Assets.xcassets; sourceTree = "<group>"; };
		868471CD2BCD12400063D163 /* Preview Assets.xcassets */ = {isa = PBXFileReference; lastKnownFileType = folder.assetcatalog; path = "Preview Assets.xcassets"; sourceTree = "<group>"; };
		868471D32BCD12400063D163 /* MessengerTests.xctest */ = {isa = PBXFileReference; explicitFileType = wrapper.cfbundle; includeInIndex = 0; path = MessengerTests.xctest; sourceTree = BUILT_PRODUCTS_DIR; };
		868471D72BCD12400063D163 /* MessengerTests.swift */ = {isa = PBXFileReference; lastKnownFileType = sourcecode.swift; path = MessengerTests.swift; sourceTree = "<group>"; };
		868471DD2BCD12400063D163 /* MessengerUITests.xctest */ = {isa = PBXFileReference; explicitFileType = wrapper.cfbundle; includeInIndex = 0; path = MessengerUITests.xctest; sourceTree = BUILT_PRODUCTS_DIR; };
		868471E12BCD12410063D163 /* MessengerUITests.swift */ = {isa = PBXFileReference; lastKnownFileType = sourcecode.swift; path = MessengerUITests.swift; sourceTree = "<group>"; };
		868471E32BCD12410063D163 /* MessengerUITestsLaunchTests.swift */ = {isa = PBXFileReference; lastKnownFileType = sourcecode.swift; path = MessengerUITestsLaunchTests.swift; sourceTree = "<group>"; };
/* End PBXFileReference section */

/* Begin PBXFrameworksBuildPhase section */
		868471C02BCD123F0063D163 /* Frameworks */ = {
			isa = PBXFrameworksBuildPhase;
			buildActionMask = 2147483647;
			files = (
				865255532BD4F2910033E485 /* FirebaseAuth in Frameworks */,
			);
			runOnlyForDeploymentPostprocessing = 0;
		};
		868471D02BCD12400063D163 /* Frameworks */ = {
			isa = PBXFrameworksBuildPhase;
			buildActionMask = 2147483647;
			files = (
			);
			runOnlyForDeploymentPostprocessing = 0;
		};
		868471DA2BCD12400063D163 /* Frameworks */ = {
			isa = PBXFrameworksBuildPhase;
			buildActionMask = 2147483647;
			files = (
			);
			runOnlyForDeploymentPostprocessing = 0;
		};
/* End PBXFrameworksBuildPhase section */

/* Begin PBXGroup section */
		865255572BD4F6740033E485 /* View */ = {
			isa = PBXGroup;
			children = (
				8681AC292BD3A028001CE0EF /* Authentication */,
				8652555A2BD4F6A40033E485 /* Login */,
				8652555D2BD4F6BA0033E485 /* MainTab */,
			);
			path = View;
			sourceTree = "<group>";
		};
		8652555A2BD4F6A40033E485 /* Login */ = {
			isa = PBXGroup;
			children = (
				865255582BD4F6A00033E485 /* LoginIntroView.swift */,
			);
			path = Login;
			sourceTree = "<group>";
		};
		8652555D2BD4F6BA0033E485 /* MainTab */ = {
			isa = PBXGroup;
			children = (
				8652555B2BD4F6B30033E485 /* MainTabView.swift */,
			);
			path = MainTab;
			sourceTree = "<group>";
		};
		8681AC1A2BD39527001CE0EF /* Resource */ = {
			isa = PBXGroup;
			children = (
				868471CA2BCD12400063D163 /* Assets.xcassets */,
				8681AC182BD39513001CE0EF /* Colors.xcassets */,
				8681AC1F2BD39D33001CE0EF /* LaunchScreen.storyboard */,
			);
			path = Resource;
			sourceTree = "<group>";
		};
		8681AC1D2BD39688001CE0EF /* Extension */ = {
			isa = PBXGroup;
			children = (
				8681AC1B2BD3954A001CE0EF /* Color+Extensions.swift */,
			);
			path = Extension;
			sourceTree = "<group>";
		};
		8681AC232BD39E60001CE0EF /* General */ = {
			isa = PBXGroup;
			children = (
				8681AC212BD39E5B001CE0EF /* DIContainer.swift */,
			);
			path = General;
			sourceTree = "<group>";
		};
		8681AC262BD39E88001CE0EF /* Service */ = {
			isa = PBXGroup;
			children = (
				8681AC242BD39E85001CE0EF /* Services.swift */,
				865255552BD4F47B0033E485 /* AuthenticationService.swift */,
			);
			path = Service;
			sourceTree = "<group>";
		};
		8681AC292BD3A028001CE0EF /* Authentication */ = {
			isa = PBXGroup;
			children = (
				868471C82BCD123F0063D163 /* AuthenticationView.swift */,
				8681AC272BD3A020001CE0EF /* AuthenticationViewModel.swift */,
			);
			path = Authentication;
			sourceTree = "<group>";
		};
		868471BA2BCD123F0063D163 = {
			isa = PBXGroup;
			children = (
				868471C52BCD123F0063D163 /* Messenger */,
				868471D62BCD12400063D163 /* MessengerTests */,
				868471E02BCD12410063D163 /* MessengerUITests */,
				868471C42BCD123F0063D163 /* Products */,
			);
			sourceTree = "<group>";
		};
		868471C42BCD123F0063D163 /* Products */ = {
			isa = PBXGroup;
			children = (
				868471C32BCD123F0063D163 /* Messenger.app */,
				868471D32BCD12400063D163 /* MessengerTests.xctest */,
				868471DD2BCD12400063D163 /* MessengerUITests.xctest */,
			);
			name = Products;
			sourceTree = "<group>";
		};
		868471C52BCD123F0063D163 /* Messenger */ = {
			isa = PBXGroup;
			children = (
				865255542BD4F3DB0033E485 /* Info.plist */,
				868471C62BCD123F0063D163 /* MessengerApp.swift */,
				8652554F2BD4F1560033E485 /* AppDelegate.swift */,
				865255432BD4ED6C0033E485 /* GoogleService-Info.plist */,
				865255572BD4F6740033E485 /* View */,
				8681AC262BD39E88001CE0EF /* Service */,
				8681AC232BD39E60001CE0EF /* General */,
				8681AC1D2BD39688001CE0EF /* Extension */,
				8681AC1A2BD39527001CE0EF /* Resource */,
				868471CC2BCD12400063D163 /* Preview Content */,
			);
			path = Messenger;
			sourceTree = "<group>";
		};
		868471CC2BCD12400063D163 /* Preview Content */ = {
			isa = PBXGroup;
			children = (
				868471CD2BCD12400063D163 /* Preview Assets.xcassets */,
			);
			path = "Preview Content";
			sourceTree = "<group>";
		};
		868471D62BCD12400063D163 /* MessengerTests */ = {
			isa = PBXGroup;
			children = (
				868471D72BCD12400063D163 /* MessengerTests.swift */,
			);
			path = MessengerTests;
			sourceTree = "<group>";
		};
		868471E02BCD12410063D163 /* MessengerUITests */ = {
			isa = PBXGroup;
			children = (
				868471E12BCD12410063D163 /* MessengerUITests.swift */,
				868471E32BCD12410063D163 /* MessengerUITestsLaunchTests.swift */,
			);
			path = MessengerUITests;
			sourceTree = "<group>";
		};
/* End PBXGroup section */

/* Begin PBXNativeTarget section */
		868471C22BCD123F0063D163 /* Messenger */ = {
			isa = PBXNativeTarget;
			buildConfigurationList = 868471E72BCD12410063D163 /* Build configuration list for PBXNativeTarget "Messenger" */;
			buildPhases = (
				868471BF2BCD123F0063D163 /* Sources */,
				868471C02BCD123F0063D163 /* Frameworks */,
				868471C12BCD123F0063D163 /* Resources */,
			);
			buildRules = (
			);
			dependencies = (
			);
			name = Messenger;
			packageProductDependencies = (
				865255522BD4F2910033E485 /* FirebaseAuth */,
			);
			productName = Messenger;
			productReference = 868471C32BCD123F0063D163 /* Messenger.app */;
			productType = "com.apple.product-type.application";
		};
		868471D22BCD12400063D163 /* MessengerTests */ = {
			isa = PBXNativeTarget;
			buildConfigurationList = 868471EA2BCD12410063D163 /* Build configuration list for PBXNativeTarget "MessengerTests" */;
			buildPhases = (
				868471CF2BCD12400063D163 /* Sources */,
				868471D02BCD12400063D163 /* Frameworks */,
				868471D12BCD12400063D163 /* Resources */,
			);
			buildRules = (
			);
			dependencies = (
				868471D52BCD12400063D163 /* PBXTargetDependency */,
			);
			name = MessengerTests;
			productName = MessengerTests;
			productReference = 868471D32BCD12400063D163 /* MessengerTests.xctest */;
			productType = "com.apple.product-type.bundle.unit-test";
		};
		868471DC2BCD12400063D163 /* MessengerUITests */ = {
			isa = PBXNativeTarget;
			buildConfigurationList = 868471ED2BCD12410063D163 /* Build configuration list for PBXNativeTarget "MessengerUITests" */;
			buildPhases = (
				868471D92BCD12400063D163 /* Sources */,
				868471DA2BCD12400063D163 /* Frameworks */,
				868471DB2BCD12400063D163 /* Resources */,
			);
			buildRules = (
			);
			dependencies = (
				868471DF2BCD12410063D163 /* PBXTargetDependency */,
			);
			name = MessengerUITests;
			productName = MessengerUITests;
			productReference = 868471DD2BCD12400063D163 /* MessengerUITests.xctest */;
			productType = "com.apple.product-type.bundle.ui-testing";
		};
/* End PBXNativeTarget section */

/* Begin PBXProject section */
		868471BB2BCD123F0063D163 /* Project object */ = {
			isa = PBXProject;
			attributes = {
				BuildIndependentTargetsInParallel = 1;
				LastSwiftUpdateCheck = 1500;
				LastUpgradeCheck = 1500;
				TargetAttributes = {
					868471C22BCD123F0063D163 = {
						CreatedOnToolsVersion = 15.0.1;
					};
					868471D22BCD12400063D163 = {
						CreatedOnToolsVersion = 15.0.1;
						TestTargetID = 868471C22BCD123F0063D163;
					};
					868471DC2BCD12400063D163 = {
						CreatedOnToolsVersion = 15.0.1;
						TestTargetID = 868471C22BCD123F0063D163;
					};
				};
			};
			buildConfigurationList = 868471BE2BCD123F0063D163 /* Build configuration list for PBXProject "Messenger" */;
			compatibilityVersion = "Xcode 14.0";
			developmentRegion = en;
			hasScannedForEncodings = 0;
			knownRegions = (
				en,
				Base,
			);
			mainGroup = 868471BA2BCD123F0063D163;
			packageReferences = (
				865255512BD4F2910033E485 /* XCRemoteSwiftPackageReference "firebase-ios-sdk" */,
			);
			productRefGroup = 868471C42BCD123F0063D163 /* Products */;
			projectDirPath = "";
			projectRoot = "";
			targets = (
				868471C22BCD123F0063D163 /* Messenger */,
				868471D22BCD12400063D163 /* MessengerTests */,
				868471DC2BCD12400063D163 /* MessengerUITests */,
			);
		};
/* End PBXProject section */

/* Begin PBXResourcesBuildPhase section */
		868471C12BCD123F0063D163 /* Resources */ = {
			isa = PBXResourcesBuildPhase;
			buildActionMask = 2147483647;
			files = (
				8681AC192BD39513001CE0EF /* Colors.xcassets in Resources */,
				8681AC202BD39D33001CE0EF /* LaunchScreen.storyboard in Resources */,
				865255442BD4ED6C0033E485 /* GoogleService-Info.plist in Resources */,
				868471CE2BCD12400063D163 /* Preview Assets.xcassets in Resources */,
				868471CB2BCD12400063D163 /* Assets.xcassets in Resources */,
			);
			runOnlyForDeploymentPostprocessing = 0;
		};
		868471D12BCD12400063D163 /* Resources */ = {
			isa = PBXResourcesBuildPhase;
			buildActionMask = 2147483647;
			files = (
			);
			runOnlyForDeploymentPostprocessing = 0;
		};
		868471DB2BCD12400063D163 /* Resources */ = {
			isa = PBXResourcesBuildPhase;
			buildActionMask = 2147483647;
			files = (
			);
			runOnlyForDeploymentPostprocessing = 0;
		};
/* End PBXResourcesBuildPhase section */

/* Begin PBXSourcesBuildPhase section */
		868471BF2BCD123F0063D163 /* Sources */ = {
			isa = PBXSourcesBuildPhase;
			buildActionMask = 2147483647;
			files = (
				865255592BD4F6A00033E485 /* LoginIntroView.swift in Sources */,
				8681AC222BD39E5B001CE0EF /* DIContainer.swift in Sources */,
				868471C92BCD123F0063D163 /* AuthenticationView.swift in Sources */,
				8681AC252BD39E85001CE0EF /* Services.swift in Sources */,
				8681AC282BD3A020001CE0EF /* AuthenticationViewModel.swift in Sources */,
				865255502BD4F1560033E485 /* AppDelegate.swift in Sources */,
				868471C72BCD123F0063D163 /* MessengerApp.swift in Sources */,
				8681AC1C2BD3954A001CE0EF /* Color+Extensions.swift in Sources */,
				865255562BD4F47B0033E485 /* AuthenticationService.swift in Sources */,
				8652555C2BD4F6B30033E485 /* MainTabView.swift in Sources */,
			);
			runOnlyForDeploymentPostprocessing = 0;
		};
		868471CF2BCD12400063D163 /* Sources */ = {
			isa = PBXSourcesBuildPhase;
			buildActionMask = 2147483647;
			files = (
				868471D82BCD12400063D163 /* MessengerTests.swift in Sources */,
			);
			runOnlyForDeploymentPostprocessing = 0;
		};
		868471D92BCD12400063D163 /* Sources */ = {
			isa = PBXSourcesBuildPhase;
			buildActionMask = 2147483647;
			files = (
				868471E42BCD12410063D163 /* MessengerUITestsLaunchTests.swift in Sources */,
				868471E22BCD12410063D163 /* MessengerUITests.swift in Sources */,
			);
			runOnlyForDeploymentPostprocessing = 0;
		};
/* End PBXSourcesBuildPhase section */

/* Begin PBXTargetDependency section */
		868471D52BCD12400063D163 /* PBXTargetDependency */ = {
			isa = PBXTargetDependency;
			target = 868471C22BCD123F0063D163 /* Messenger */;
			targetProxy = 868471D42BCD12400063D163 /* PBXContainerItemProxy */;
		};
		868471DF2BCD12410063D163 /* PBXTargetDependency */ = {
			isa = PBXTargetDependency;
			target = 868471C22BCD123F0063D163 /* Messenger */;
			targetProxy = 868471DE2BCD12410063D163 /* PBXContainerItemProxy */;
		};
/* End PBXTargetDependency section */

/* Begin XCBuildConfiguration section */
		868471E52BCD12410063D163 /* Debug */ = {
			isa = XCBuildConfiguration;
			buildSettings = {
				ALWAYS_SEARCH_USER_PATHS = NO;
				ASSETCATALOG_COMPILER_GENERATE_SWIFT_ASSET_SYMBOL_EXTENSIONS = YES;
				CLANG_ANALYZER_NONNULL = YES;
				CLANG_ANALYZER_NUMBER_OBJECT_CONVERSION = YES_AGGRESSIVE;
				CLANG_CXX_LANGUAGE_STANDARD = "gnu++20";
				CLANG_ENABLE_MODULES = YES;
				CLANG_ENABLE_OBJC_ARC = YES;
				CLANG_ENABLE_OBJC_WEAK = YES;
				CLANG_WARN_BLOCK_CAPTURE_AUTORELEASING = YES;
				CLANG_WARN_BOOL_CONVERSION = YES;
				CLANG_WARN_COMMA = YES;
				CLANG_WARN_CONSTANT_CONVERSION = YES;
				CLANG_WARN_DEPRECATED_OBJC_IMPLEMENTATIONS = YES;
				CLANG_WARN_DIRECT_OBJC_ISA_USAGE = YES_ERROR;
				CLANG_WARN_DOCUMENTATION_COMMENTS = YES;
				CLANG_WARN_EMPTY_BODY = YES;
				CLANG_WARN_ENUM_CONVERSION = YES;
				CLANG_WARN_INFINITE_RECURSION = YES;
				CLANG_WARN_INT_CONVERSION = YES;
				CLANG_WARN_NON_LITERAL_NULL_CONVERSION = YES;
				CLANG_WARN_OBJC_IMPLICIT_RETAIN_SELF = YES;
				CLANG_WARN_OBJC_LITERAL_CONVERSION = YES;
				CLANG_WARN_OBJC_ROOT_CLASS = YES_ERROR;
				CLANG_WARN_QUOTED_INCLUDE_IN_FRAMEWORK_HEADER = YES;
				CLANG_WARN_RANGE_LOOP_ANALYSIS = YES;
				CLANG_WARN_STRICT_PROTOTYPES = YES;
				CLANG_WARN_SUSPICIOUS_MOVE = YES;
				CLANG_WARN_UNGUARDED_AVAILABILITY = YES_AGGRESSIVE;
				CLANG_WARN_UNREACHABLE_CODE = YES;
				CLANG_WARN__DUPLICATE_METHOD_MATCH = YES;
				COPY_PHASE_STRIP = NO;
				DEBUG_INFORMATION_FORMAT = dwarf;
				ENABLE_STRICT_OBJC_MSGSEND = YES;
				ENABLE_TESTABILITY = YES;
				ENABLE_USER_SCRIPT_SANDBOXING = YES;
				GCC_C_LANGUAGE_STANDARD = gnu17;
				GCC_DYNAMIC_NO_PIC = NO;
				GCC_NO_COMMON_BLOCKS = YES;
				GCC_OPTIMIZATION_LEVEL = 0;
				GCC_PREPROCESSOR_DEFINITIONS = (
					"DEBUG=1",
					"$(inherited)",
				);
				GCC_WARN_64_TO_32_BIT_CONVERSION = YES;
				GCC_WARN_ABOUT_RETURN_TYPE = YES_ERROR;
				GCC_WARN_UNDECLARED_SELECTOR = YES;
				GCC_WARN_UNINITIALIZED_AUTOS = YES_AGGRESSIVE;
				GCC_WARN_UNUSED_FUNCTION = YES;
				GCC_WARN_UNUSED_VARIABLE = YES;
				IPHONEOS_DEPLOYMENT_TARGET = 17.0;
				LOCALIZATION_PREFERS_STRING_CATALOGS = YES;
				MTL_ENABLE_DEBUG_INFO = INCLUDE_SOURCE;
				MTL_FAST_MATH = YES;
				ONLY_ACTIVE_ARCH = YES;
				SDKROOT = iphoneos;
				SWIFT_ACTIVE_COMPILATION_CONDITIONS = "DEBUG $(inherited)";
				SWIFT_OPTIMIZATION_LEVEL = "-Onone";
			};
			name = Debug;
		};
		868471E62BCD12410063D163 /* Release */ = {
			isa = XCBuildConfiguration;
			buildSettings = {
				ALWAYS_SEARCH_USER_PATHS = NO;
				ASSETCATALOG_COMPILER_GENERATE_SWIFT_ASSET_SYMBOL_EXTENSIONS = YES;
				CLANG_ANALYZER_NONNULL = YES;
				CLANG_ANALYZER_NUMBER_OBJECT_CONVERSION = YES_AGGRESSIVE;
				CLANG_CXX_LANGUAGE_STANDARD = "gnu++20";
				CLANG_ENABLE_MODULES = YES;
				CLANG_ENABLE_OBJC_ARC = YES;
				CLANG_ENABLE_OBJC_WEAK = YES;
				CLANG_WARN_BLOCK_CAPTURE_AUTORELEASING = YES;
				CLANG_WARN_BOOL_CONVERSION = YES;
				CLANG_WARN_COMMA = YES;
				CLANG_WARN_CONSTANT_CONVERSION = YES;
				CLANG_WARN_DEPRECATED_OBJC_IMPLEMENTATIONS = YES;
				CLANG_WARN_DIRECT_OBJC_ISA_USAGE = YES_ERROR;
				CLANG_WARN_DOCUMENTATION_COMMENTS = YES;
				CLANG_WARN_EMPTY_BODY = YES;
				CLANG_WARN_ENUM_CONVERSION = YES;
				CLANG_WARN_INFINITE_RECURSION = YES;
				CLANG_WARN_INT_CONVERSION = YES;
				CLANG_WARN_NON_LITERAL_NULL_CONVERSION = YES;
				CLANG_WARN_OBJC_IMPLICIT_RETAIN_SELF = YES;
				CLANG_WARN_OBJC_LITERAL_CONVERSION = YES;
				CLANG_WARN_OBJC_ROOT_CLASS = YES_ERROR;
				CLANG_WARN_QUOTED_INCLUDE_IN_FRAMEWORK_HEADER = YES;
				CLANG_WARN_RANGE_LOOP_ANALYSIS = YES;
				CLANG_WARN_STRICT_PROTOTYPES = YES;
				CLANG_WARN_SUSPICIOUS_MOVE = YES;
				CLANG_WARN_UNGUARDED_AVAILABILITY = YES_AGGRESSIVE;
				CLANG_WARN_UNREACHABLE_CODE = YES;
				CLANG_WARN__DUPLICATE_METHOD_MATCH = YES;
				COPY_PHASE_STRIP = NO;
				DEBUG_INFORMATION_FORMAT = "dwarf-with-dsym";
				ENABLE_NS_ASSERTIONS = NO;
				ENABLE_STRICT_OBJC_MSGSEND = YES;
				ENABLE_USER_SCRIPT_SANDBOXING = YES;
				GCC_C_LANGUAGE_STANDARD = gnu17;
				GCC_NO_COMMON_BLOCKS = YES;
				GCC_WARN_64_TO_32_BIT_CONVERSION = YES;
				GCC_WARN_ABOUT_RETURN_TYPE = YES_ERROR;
				GCC_WARN_UNDECLARED_SELECTOR = YES;
				GCC_WARN_UNINITIALIZED_AUTOS = YES_AGGRESSIVE;
				GCC_WARN_UNUSED_FUNCTION = YES;
				GCC_WARN_UNUSED_VARIABLE = YES;
				IPHONEOS_DEPLOYMENT_TARGET = 17.0;
				LOCALIZATION_PREFERS_STRING_CATALOGS = YES;
				MTL_ENABLE_DEBUG_INFO = NO;
				MTL_FAST_MATH = YES;
				SDKROOT = iphoneos;
				SWIFT_COMPILATION_MODE = wholemodule;
				VALIDATE_PRODUCT = YES;
			};
			name = Release;
		};
		868471E82BCD12410063D163 /* Debug */ = {
			isa = XCBuildConfiguration;
			buildSettings = {
				ASSETCATALOG_COMPILER_APPICON_NAME = AppIcon;
				ASSETCATALOG_COMPILER_GENERATE_SWIFT_ASSET_SYMBOL_EXTENSIONS = NO;
				ASSETCATALOG_COMPILER_GLOBAL_ACCENT_COLOR_NAME = AccentColor;
				CODE_SIGN_STYLE = Automatic;
				CURRENT_PROJECT_VERSION = 1;
				DEVELOPMENT_ASSET_PATHS = "\"Messenger/Preview Content\"";
				DEVELOPMENT_TEAM = SC2M4P5Z8J;
				ENABLE_PREVIEWS = YES;
				GENERATE_INFOPLIST_FILE = YES;
				INFOPLIST_FILE = Messenger/Info.plist;
				INFOPLIST_KEY_UIApplicationSceneManifest_Generation = YES;
				INFOPLIST_KEY_UIApplicationSupportsIndirectInputEvents = YES;
				INFOPLIST_KEY_UILaunchStoryboardName = LaunchScreen;
				INFOPLIST_KEY_UISupportedInterfaceOrientations = UIInterfaceOrientationPortrait;
				IPHONEOS_DEPLOYMENT_TARGET = 16.0;
				LD_RUNPATH_SEARCH_PATHS = (
					"$(inherited)",
					"@executable_path/Frameworks",
				);
				MARKETING_VERSION = 1.0;
				PRODUCT_BUNDLE_IDENTIFIER = com.torinunna.Messenger;
				PRODUCT_NAME = "$(TARGET_NAME)";
				SWIFT_EMIT_LOC_STRINGS = YES;
				SWIFT_VERSION = 5.0;
				TARGETED_DEVICE_FAMILY = "1,2";
			};
			name = Debug;
		};
		868471E92BCD12410063D163 /* Release */ = {
			isa = XCBuildConfiguration;
			buildSettings = {
				ASSETCATALOG_COMPILER_APPICON_NAME = AppIcon;
				ASSETCATALOG_COMPILER_GENERATE_SWIFT_ASSET_SYMBOL_EXTENSIONS = NO;
				ASSETCATALOG_COMPILER_GLOBAL_ACCENT_COLOR_NAME = AccentColor;
				CODE_SIGN_STYLE = Automatic;
				CURRENT_PROJECT_VERSION = 1;
				DEVELOPMENT_ASSET_PATHS = "\"Messenger/Preview Content\"";
				DEVELOPMENT_TEAM = SC2M4P5Z8J;
				ENABLE_PREVIEWS = YES;
				GENERATE_INFOPLIST_FILE = YES;
				INFOPLIST_FILE = Messenger/Info.plist;
				INFOPLIST_KEY_UIApplicationSceneManifest_Generation = YES;
				INFOPLIST_KEY_UIApplicationSupportsIndirectInputEvents = YES;
				INFOPLIST_KEY_UILaunchStoryboardName = LaunchScreen;
				INFOPLIST_KEY_UISupportedInterfaceOrientations = UIInterfaceOrientationPortrait;
				IPHONEOS_DEPLOYMENT_TARGET = 16.0;
				LD_RUNPATH_SEARCH_PATHS = (
					"$(inherited)",
					"@executable_path/Frameworks",
				);
				MARKETING_VERSION = 1.0;
				PRODUCT_BUNDLE_IDENTIFIER = com.torinunna.Messenger;
				PRODUCT_NAME = "$(TARGET_NAME)";
				SWIFT_EMIT_LOC_STRINGS = YES;
				SWIFT_VERSION = 5.0;
				TARGETED_DEVICE_FAMILY = "1,2";
			};
			name = Release;
		};
		868471EB2BCD12410063D163 /* Debug */ = {
			isa = XCBuildConfiguration;
			buildSettings = {
				ALWAYS_EMBED_SWIFT_STANDARD_LIBRARIES = YES;
				BUNDLE_LOADER = "$(TEST_HOST)";
				CODE_SIGN_STYLE = Automatic;
				CURRENT_PROJECT_VERSION = 1;
				DEVELOPMENT_TEAM = SC2M4P5Z8J;
				GENERATE_INFOPLIST_FILE = YES;
				IPHONEOS_DEPLOYMENT_TARGET = 17.0;
				MARKETING_VERSION = 1.0;
				PRODUCT_BUNDLE_IDENTIFIER = com.torinunna.MessengerTests;
				PRODUCT_NAME = "$(TARGET_NAME)";
				SWIFT_EMIT_LOC_STRINGS = NO;
				SWIFT_VERSION = 5.0;
				TARGETED_DEVICE_FAMILY = "1,2";
				TEST_HOST = "$(BUILT_PRODUCTS_DIR)/Messenger.app/$(BUNDLE_EXECUTABLE_FOLDER_PATH)/Messenger";
			};
			name = Debug;
		};
		868471EC2BCD12410063D163 /* Release */ = {
			isa = XCBuildConfiguration;
			buildSettings = {
				ALWAYS_EMBED_SWIFT_STANDARD_LIBRARIES = YES;
				BUNDLE_LOADER = "$(TEST_HOST)";
				CODE_SIGN_STYLE = Automatic;
				CURRENT_PROJECT_VERSION = 1;
				DEVELOPMENT_TEAM = SC2M4P5Z8J;
				GENERATE_INFOPLIST_FILE = YES;
				IPHONEOS_DEPLOYMENT_TARGET = 17.0;
				MARKETING_VERSION = 1.0;
				PRODUCT_BUNDLE_IDENTIFIER = com.torinunna.MessengerTests;
				PRODUCT_NAME = "$(TARGET_NAME)";
				SWIFT_EMIT_LOC_STRINGS = NO;
				SWIFT_VERSION = 5.0;
				TARGETED_DEVICE_FAMILY = "1,2";
				TEST_HOST = "$(BUILT_PRODUCTS_DIR)/Messenger.app/$(BUNDLE_EXECUTABLE_FOLDER_PATH)/Messenger";
			};
			name = Release;
		};
		868471EE2BCD12410063D163 /* Debug */ = {
			isa = XCBuildConfiguration;
			buildSettings = {
				ALWAYS_EMBED_SWIFT_STANDARD_LIBRARIES = YES;
				CODE_SIGN_STYLE = Automatic;
				CURRENT_PROJECT_VERSION = 1;
				DEVELOPMENT_TEAM = SC2M4P5Z8J;
				GENERATE_INFOPLIST_FILE = YES;
				MARKETING_VERSION = 1.0;
				PRODUCT_BUNDLE_IDENTIFIER = com.torinunna.MessengerUITests;
				PRODUCT_NAME = "$(TARGET_NAME)";
				SWIFT_EMIT_LOC_STRINGS = NO;
				SWIFT_VERSION = 5.0;
				TARGETED_DEVICE_FAMILY = "1,2";
				TEST_TARGET_NAME = Messenger;
			};
			name = Debug;
		};
		868471EF2BCD12410063D163 /* Release */ = {
			isa = XCBuildConfiguration;
			buildSettings = {
				ALWAYS_EMBED_SWIFT_STANDARD_LIBRARIES = YES;
				CODE_SIGN_STYLE = Automatic;
				CURRENT_PROJECT_VERSION = 1;
				DEVELOPMENT_TEAM = SC2M4P5Z8J;
				GENERATE_INFOPLIST_FILE = YES;
				MARKETING_VERSION = 1.0;
				PRODUCT_BUNDLE_IDENTIFIER = com.torinunna.MessengerUITests;
				PRODUCT_NAME = "$(TARGET_NAME)";
				SWIFT_EMIT_LOC_STRINGS = NO;
				SWIFT_VERSION = 5.0;
				TARGETED_DEVICE_FAMILY = "1,2";
				TEST_TARGET_NAME = Messenger;
			};
			name = Release;
		};
/* End XCBuildConfiguration section */

/* Begin XCConfigurationList section */
		868471BE2BCD123F0063D163 /* Build configuration list for PBXProject "Messenger" */ = {
			isa = XCConfigurationList;
			buildConfigurations = (
				868471E52BCD12410063D163 /* Debug */,
				868471E62BCD12410063D163 /* Release */,
			);
			defaultConfigurationIsVisible = 0;
			defaultConfigurationName = Release;
		};
		868471E72BCD12410063D163 /* Build configuration list for PBXNativeTarget "Messenger" */ = {
			isa = XCConfigurationList;
			buildConfigurations = (
				868471E82BCD12410063D163 /* Debug */,
				868471E92BCD12410063D163 /* Release */,
			);
			defaultConfigurationIsVisible = 0;
			defaultConfigurationName = Release;
		};
		868471EA2BCD12410063D163 /* Build configuration list for PBXNativeTarget "MessengerTests" */ = {
			isa = XCConfigurationList;
			buildConfigurations = (
				868471EB2BCD12410063D163 /* Debug */,
				868471EC2BCD12410063D163 /* Release */,
			);
			defaultConfigurationIsVisible = 0;
			defaultConfigurationName = Release;
		};
		868471ED2BCD12410063D163 /* Build configuration list for PBXNativeTarget "MessengerUITests" */ = {
			isa = XCConfigurationList;
			buildConfigurations = (
				868471EE2BCD12410063D163 /* Debug */,
				868471EF2BCD12410063D163 /* Release */,
			);
			defaultConfigurationIsVisible = 0;
			defaultConfigurationName = Release;
		};
/* End XCConfigurationList section */

/* Begin XCRemoteSwiftPackageReference section */
		865255512BD4F2910033E485 /* XCRemoteSwiftPackageReference "firebase-ios-sdk" */ = {
			isa = XCRemoteSwiftPackageReference;
			repositoryURL = "https://github.com/firebase/firebase-ios-sdk";
			requirement = {
				kind = upToNextMajorVersion;
				minimumVersion = 10.24.0;
			};
		};
/* End XCRemoteSwiftPackageReference section */

/* Begin XCSwiftPackageProductDependency section */
		865255522BD4F2910033E485 /* FirebaseAuth */ = {
			isa = XCSwiftPackageProductDependency;
			package = 865255512BD4F2910033E485 /* XCRemoteSwiftPackageReference "firebase-ios-sdk" */;
			productName = FirebaseAuth;
		};
/* End XCSwiftPackageProductDependency section */
	};
	rootObject = 868471BB2BCD123F0063D163 /* Project object */;
}
