// !$*UTF8*$!
{
	archiveVersion = 1;
	classes = {
	};
	objectVersion = 56;
	objects = {

/* Begin PBXBuildFile section */
		861DC32D2BE4F42400D29C56 /* MyProfileViewModel.swift in Sources */ = {isa = PBXBuildFile; fileRef = 861DC32C2BE4F42400D29C56 /* MyProfileViewModel.swift */; };
		861DC32F2BE4F6F000D29C56 /* MyProfileMenuType.swift in Sources */ = {isa = PBXBuildFile; fileRef = 861DC32E2BE4F6F000D29C56 /* MyProfileMenuType.swift */; };
		861DC3312BE4FC9B00D29C56 /* MyProfileDescEditView.swift in Sources */ = {isa = PBXBuildFile; fileRef = 861DC3302BE4FC9B00D29C56 /* MyProfileDescEditView.swift */; };
		865255442BD4ED6C0033E485 /* GoogleService-Info.plist in Resources */ = {isa = PBXBuildFile; fileRef = 865255432BD4ED6C0033E485 /* GoogleService-Info.plist */; };
		865255502BD4F1560033E485 /* AppDelegate.swift in Sources */ = {isa = PBXBuildFile; fileRef = 8652554F2BD4F1560033E485 /* AppDelegate.swift */; };
		865255532BD4F2910033E485 /* FirebaseAuth in Frameworks */ = {isa = PBXBuildFile; productRef = 865255522BD4F2910033E485 /* FirebaseAuth */; };
		865255562BD4F47B0033E485 /* AuthenticationService.swift in Sources */ = {isa = PBXBuildFile; fileRef = 865255552BD4F47B0033E485 /* AuthenticationService.swift */; };
		865255592BD4F6A00033E485 /* LoginIntroView.swift in Sources */ = {isa = PBXBuildFile; fileRef = 865255582BD4F6A00033E485 /* LoginIntroView.swift */; };
		8652555C2BD4F6B30033E485 /* MainTabView.swift in Sources */ = {isa = PBXBuildFile; fileRef = 8652555B2BD4F6B30033E485 /* MainTabView.swift */; };
		865255612BD50CE60033E485 /* LoginView.swift in Sources */ = {isa = PBXBuildFile; fileRef = 865255602BD50CE60033E485 /* LoginView.swift */; };
		865255632BD63AF70033E485 /* LoginBtnStyle.swift in Sources */ = {isa = PBXBuildFile; fileRef = 865255622BD63AF70033E485 /* LoginBtnStyle.swift */; };
		865255662BD640CE0033E485 /* GoogleSignIn in Frameworks */ = {isa = PBXBuildFile; productRef = 865255652BD640CE0033E485 /* GoogleSignIn */; };
		865255682BD6454D0033E485 /* User.swift in Sources */ = {isa = PBXBuildFile; fileRef = 865255672BD6454D0033E485 /* User.swift */; };
		8652556B2BD645A40033E485 /* ServiceError.swift in Sources */ = {isa = PBXBuildFile; fileRef = 8652556A2BD645A40033E485 /* ServiceError.swift */; };
		8652556F2BD6CF570033E485 /* RandomNonceString.swift in Sources */ = {isa = PBXBuildFile; fileRef = 8652556D2BD6CF570033E485 /* RandomNonceString.swift */; };
		865255702BD6CF570033E485 /* SHA256.swift in Sources */ = {isa = PBXBuildFile; fileRef = 8652556E2BD6CF570033E485 /* SHA256.swift */; };
		865AEFB82BE3825F00B38634 /* HomeModalDestination.swift in Sources */ = {isa = PBXBuildFile; fileRef = 865AEFB72BE3825F00B38634 /* HomeModalDestination.swift */; };
		865AEFBA2BE3832A00B38634 /* MyProfileView.swift in Sources */ = {isa = PBXBuildFile; fileRef = 865AEFB92BE3832A00B38634 /* MyProfileView.swift */; };
		865AEFBC2BE3833100B38634 /* OtherProfileView.swift in Sources */ = {isa = PBXBuildFile; fileRef = 865AEFBB2BE3833100B38634 /* OtherProfileView.swift */; };
		865AEFC12BE3962F00B38634 /* ContactServcie.swift in Sources */ = {isa = PBXBuildFile; fileRef = 865AEFC02BE3962F00B38634 /* ContactServcie.swift */; };
		8681AC192BD39513001CE0EF /* Colors.xcassets in Resources */ = {isa = PBXBuildFile; fileRef = 8681AC182BD39513001CE0EF /* Colors.xcassets */; };
		8681AC1C2BD3954A001CE0EF /* Color+Extensions.swift in Sources */ = {isa = PBXBuildFile; fileRef = 8681AC1B2BD3954A001CE0EF /* Color+Extensions.swift */; };
		8681AC202BD39D33001CE0EF /* LaunchScreen.storyboard in Resources */ = {isa = PBXBuildFile; fileRef = 8681AC1F2BD39D33001CE0EF /* LaunchScreen.storyboard */; };
		8681AC222BD39E5B001CE0EF /* DIContainer.swift in Sources */ = {isa = PBXBuildFile; fileRef = 8681AC212BD39E5B001CE0EF /* DIContainer.swift */; };
		8681AC252BD39E85001CE0EF /* Services.swift in Sources */ = {isa = PBXBuildFile; fileRef = 8681AC242BD39E85001CE0EF /* Services.swift */; };
		8681AC282BD3A020001CE0EF /* AuthenticationViewModel.swift in Sources */ = {isa = PBXBuildFile; fileRef = 8681AC272BD3A020001CE0EF /* AuthenticationViewModel.swift */; };
		868471C72BCD123F0063D163 /* MessengerApp.swift in Sources */ = {isa = PBXBuildFile; fileRef = 868471C62BCD123F0063D163 /* MessengerApp.swift */; };
		868471C92BCD123F0063D163 /* AuthenticationView.swift in Sources */ = {isa = PBXBuildFile; fileRef = 868471C82BCD123F0063D163 /* AuthenticationView.swift */; };
		868471CB2BCD12400063D163 /* Assets.xcassets in Resources */ = {isa = PBXBuildFile; fileRef = 868471CA2BCD12400063D163 /* Assets.xcassets */; };
		868471CE2BCD12400063D163 /* Preview Assets.xcassets in Resources */ = {isa = PBXBuildFile; fileRef = 868471CD2BCD12400063D163 /* Preview Assets.xcassets */; };
		868471D82BCD12400063D163 /* MessengerTests.swift in Sources */ = {isa = PBXBuildFile; fileRef = 868471D72BCD12400063D163 /* MessengerTests.swift */; };
		868471E22BCD12410063D163 /* MessengerUITests.swift in Sources */ = {isa = PBXBuildFile; fileRef = 868471E12BCD12410063D163 /* MessengerUITests.swift */; };
		868471E42BCD12410063D163 /* MessengerUITestsLaunchTests.swift in Sources */ = {isa = PBXBuildFile; fileRef = 868471E32BCD12410063D163 /* MessengerUITestsLaunchTests.swift */; };
		86910F1B2BE79E0D0031043B /* PhotosPickerService.swift in Sources */ = {isa = PBXBuildFile; fileRef = 86910F1A2BE79E0D0031043B /* PhotosPickerService.swift */; };
		86910F1E2BE79F040031043B /* PhotoImage.swift in Sources */ = {isa = PBXBuildFile; fileRef = 86910F1D2BE79F040031043B /* PhotoImage.swift */; };
		86910F202BE7A73E0031043B /* FirebaseStorage in Frameworks */ = {isa = PBXBuildFile; productRef = 86910F1F2BE7A73E0031043B /* FirebaseStorage */; };
		86910F222BE7A73E0031043B /* FirebaseStorageCombine-Community in Frameworks */ = {isa = PBXBuildFile; productRef = 86910F212BE7A73E0031043B /* FirebaseStorageCombine-Community */; };
		86910F262BE7A7720031043B /* UploadProvider.swift in Sources */ = {isa = PBXBuildFile; fileRef = 86910F252BE7A7720031043B /* UploadProvider.swift */; };
		86910F292BE7A8260031043B /* UploadService.swift in Sources */ = {isa = PBXBuildFile; fileRef = 86910F282BE7A8260031043B /* UploadService.swift */; };
		86910F2C2BE7A8A00031043B /* UploadSourceType.swift in Sources */ = {isa = PBXBuildFile; fileRef = 86910F2B2BE7A8A00031043B /* UploadSourceType.swift */; };
		86910F2E2BE8A3B20031043B /* ImageCacheService.swift in Sources */ = {isa = PBXBuildFile; fileRef = 86910F2D2BE8A3B20031043B /* ImageCacheService.swift */; };
		86910F312BE8A43F0031043B /* MemoryStorage.swift in Sources */ = {isa = PBXBuildFile; fileRef = 86910F302BE8A43F0031043B /* MemoryStorage.swift */; };
		86910F332BE8A5030031043B /* DiskStorage.swift in Sources */ = {isa = PBXBuildFile; fileRef = 86910F322BE8A5030031043B /* DiskStorage.swift */; };
		86910F352BE8AC030031043B /* URLImageView.swift in Sources */ = {isa = PBXBuildFile; fileRef = 86910F342BE8AC030031043B /* URLImageView.swift */; };
		86910F372BE8AC1E0031043B /* URLImageViewModel.swift in Sources */ = {isa = PBXBuildFile; fileRef = 86910F362BE8AC1E0031043B /* URLImageViewModel.swift */; };
		86A1288F2BE23111006AE8EE /* Phase.swift in Sources */ = {isa = PBXBuildFile; fileRef = 86A1288E2BE23111006AE8EE /* Phase.swift */; };
		86A128932BE23217006AE8EE /* PlaceholderView.swift in Sources */ = {isa = PBXBuildFile; fileRef = 86A128922BE23217006AE8EE /* PlaceholderView.swift */; };
		86A128972BE2323D006AE8EE /* LoadingView.swift in Sources */ = {isa = PBXBuildFile; fileRef = 86A128962BE2323D006AE8EE /* LoadingView.swift */; };
		86A128992BE23290006AE8EE /* ErrorView.swift in Sources */ = {isa = PBXBuildFile; fileRef = 86A128982BE23290006AE8EE /* ErrorView.swift */; };
		86A55E472BE9E8470007B452 /* ChatRoomService.swift in Sources */ = {isa = PBXBuildFile; fileRef = 86A55E462BE9E8470007B452 /* ChatRoomService.swift */; };
		86A55E492BE9E8DF0007B452 /* ChatRoom.swift in Sources */ = {isa = PBXBuildFile; fileRef = 86A55E482BE9E8DE0007B452 /* ChatRoom.swift */; };
		86B586C62BE913D7001ECBFB /* OtherProfileViewModel.swift in Sources */ = {isa = PBXBuildFile; fileRef = 86B586C52BE913D7001ECBFB /* OtherProfileViewModel.swift */; };
		86B586C82BE91521001ECBFB /* OtherProfileMenuType.swift in Sources */ = {isa = PBXBuildFile; fileRef = 86B586C72BE91521001ECBFB /* OtherProfileMenuType.swift */; };
		86B586CA2BE9218B001ECBFB /* ChatRoomDBRepository.swift in Sources */ = {isa = PBXBuildFile; fileRef = 86B586C92BE9218B001ECBFB /* ChatRoomDBRepository.swift */; };
		86B586CC2BE921CE001ECBFB /* ChatRoomObject.swift in Sources */ = {isa = PBXBuildFile; fileRef = 86B586CB2BE921CE001ECBFB /* ChatRoomObject.swift */; };
		86C5FBE82BDB3FC000E16DC5 /* UserService.swift in Sources */ = {isa = PBXBuildFile; fileRef = 86C5FBE72BDB3FC000E16DC5 /* UserService.swift */; };
		86C5FBEA2BDB3FD800E16DC5 /* UserDBRepository.swift in Sources */ = {isa = PBXBuildFile; fileRef = 86C5FBE92BDB3FD800E16DC5 /* UserDBRepository.swift */; };
		86C5FBED2BDB429B00E16DC5 /* UserObject.swift in Sources */ = {isa = PBXBuildFile; fileRef = 86C5FBEC2BDB429B00E16DC5 /* UserObject.swift */; };
		86C5FBF02BDB42FC00E16DC5 /* DBError.swift in Sources */ = {isa = PBXBuildFile; fileRef = 86C5FBEF2BDB42FC00E16DC5 /* DBError.swift */; };
		86C5FBF22BDB497000E16DC5 /* Constant.swift in Sources */ = {isa = PBXBuildFile; fileRef = 86C5FBF12BDB497000E16DC5 /* Constant.swift */; };
		86D2BF812BD7B24000269262 /* TabType.swift in Sources */ = {isa = PBXBuildFile; fileRef = 86D2BF802BD7B24000269262 /* TabType.swift */; };
		86D2BF832BD7B31600269262 /* HomeView.swift in Sources */ = {isa = PBXBuildFile; fileRef = 86D2BF822BD7B31600269262 /* HomeView.swift */; };
		86D2BF852BD7B31B00269262 /* ChatListView.swift in Sources */ = {isa = PBXBuildFile; fileRef = 86D2BF842BD7B31B00269262 /* ChatListView.swift */; };
		86D2BF872BD7B4DA00269262 /* HomeViewModel.swift in Sources */ = {isa = PBXBuildFile; fileRef = 86D2BF862BD7B4DA00269262 /* HomeViewModel.swift */; };
		86DEEB572BEBC86C008FBCA0 /* SearchButton.swift in Sources */ = {isa = PBXBuildFile; fileRef = 86DEEB562BEBC86C008FBCA0 /* SearchButton.swift */; };
		86DEEB5E2BEBCEB1008FBCA0 /* NavigationRoutingView.swift in Sources */ = {isa = PBXBuildFile; fileRef = 86DEEB5D2BEBCEB1008FBCA0 /* NavigationRoutingView.swift */; };
		86EDD7D92BE9F37200B08AE7 /* NavigationRouter.swift in Sources */ = {isa = PBXBuildFile; fileRef = 86EDD7D82BE9F37200B08AE7 /* NavigationRouter.swift */; };
		86EDD7DB2BE9F39C00B08AE7 /* NavigationDestination.swift in Sources */ = {isa = PBXBuildFile; fileRef = 86EDD7DA2BE9F39C00B08AE7 /* NavigationDestination.swift */; };
		86EDD7DD2BE9F3F700B08AE7 /* ChatView.swift in Sources */ = {isa = PBXBuildFile; fileRef = 86EDD7DC2BE9F3F700B08AE7 /* ChatView.swift */; };
		86EDD7DF2BE9F3FD00B08AE7 /* SearchView.swift in Sources */ = {isa = PBXBuildFile; fileRef = 86EDD7DE2BE9F3FD00B08AE7 /* SearchView.swift */; };
		86EE0D2F2BDAC43F009BD327 /* FirebaseDatabase in Frameworks */ = {isa = PBXBuildFile; productRef = 86EE0D2E2BDAC43F009BD327 /* FirebaseDatabase */; };
/* End PBXBuildFile section */

/* Begin PBXContainerItemProxy section */
		868471D42BCD12400063D163 /* PBXContainerItemProxy */ = {
			isa = PBXContainerItemProxy;
			containerPortal = 868471BB2BCD123F0063D163 /* Project object */;
			proxyType = 1;
			remoteGlobalIDString = 868471C22BCD123F0063D163;
			remoteInfo = Messenger;
		};
		868471DE2BCD12410063D163 /* PBXContainerItemProxy */ = {
			isa = PBXContainerItemProxy;
			containerPortal = 868471BB2BCD123F0063D163 /* Project object */;
			proxyType = 1;
			remoteGlobalIDString = 868471C22BCD123F0063D163;
			remoteInfo = Messenger;
		};
/* End PBXContainerItemProxy section */

/* Begin PBXFileReference section */
		861DC32C2BE4F42400D29C56 /* MyProfileViewModel.swift */ = {isa = PBXFileReference; lastKnownFileType = sourcecode.swift; path = MyProfileViewModel.swift; sourceTree = "<group>"; };
		861DC32E2BE4F6F000D29C56 /* MyProfileMenuType.swift */ = {isa = PBXFileReference; lastKnownFileType = sourcecode.swift; path = MyProfileMenuType.swift; sourceTree = "<group>"; };
		861DC3302BE4FC9B00D29C56 /* MyProfileDescEditView.swift */ = {isa = PBXFileReference; lastKnownFileType = sourcecode.swift; path = MyProfileDescEditView.swift; sourceTree = "<group>"; };
		865255432BD4ED6C0033E485 /* GoogleService-Info.plist */ = {isa = PBXFileReference; fileEncoding = 4; lastKnownFileType = text.plist.xml; name = "GoogleService-Info.plist"; path = "../../../Downloads/GoogleService-Info.plist"; sourceTree = "<group>"; };
		8652554F2BD4F1560033E485 /* AppDelegate.swift */ = {isa = PBXFileReference; lastKnownFileType = sourcecode.swift; path = AppDelegate.swift; sourceTree = "<group>"; };
		865255542BD4F3DB0033E485 /* Info.plist */ = {isa = PBXFileReference; lastKnownFileType = text.plist.xml; path = Info.plist; sourceTree = "<group>"; };
		865255552BD4F47B0033E485 /* AuthenticationService.swift */ = {isa = PBXFileReference; lastKnownFileType = sourcecode.swift; path = AuthenticationService.swift; sourceTree = "<group>"; };
		865255582BD4F6A00033E485 /* LoginIntroView.swift */ = {isa = PBXFileReference; lastKnownFileType = sourcecode.swift; path = LoginIntroView.swift; sourceTree = "<group>"; };
		8652555B2BD4F6B30033E485 /* MainTabView.swift */ = {isa = PBXFileReference; lastKnownFileType = sourcecode.swift; path = MainTabView.swift; sourceTree = "<group>"; };
		865255602BD50CE60033E485 /* LoginView.swift */ = {isa = PBXFileReference; lastKnownFileType = sourcecode.swift; path = LoginView.swift; sourceTree = "<group>"; };
		865255622BD63AF70033E485 /* LoginBtnStyle.swift */ = {isa = PBXFileReference; lastKnownFileType = sourcecode.swift; path = LoginBtnStyle.swift; sourceTree = "<group>"; };
		865255672BD6454D0033E485 /* User.swift */ = {isa = PBXFileReference; lastKnownFileType = sourcecode.swift; path = User.swift; sourceTree = "<group>"; };
		8652556A2BD645A40033E485 /* ServiceError.swift */ = {isa = PBXFileReference; lastKnownFileType = sourcecode.swift; path = ServiceError.swift; sourceTree = "<group>"; };
		8652556C2BD6CD300033E485 /* Messenger.entitlements */ = {isa = PBXFileReference; lastKnownFileType = text.plist.entitlements; path = Messenger.entitlements; sourceTree = "<group>"; };
		8652556D2BD6CF570033E485 /* RandomNonceString.swift */ = {isa = PBXFileReference; fileEncoding = 4; lastKnownFileType = sourcecode.swift; path = RandomNonceString.swift; sourceTree = "<group>"; };
		8652556E2BD6CF570033E485 /* SHA256.swift */ = {isa = PBXFileReference; fileEncoding = 4; lastKnownFileType = sourcecode.swift; path = SHA256.swift; sourceTree = "<group>"; };
		865AEFB72BE3825F00B38634 /* HomeModalDestination.swift */ = {isa = PBXFileReference; lastKnownFileType = sourcecode.swift; path = HomeModalDestination.swift; sourceTree = "<group>"; };
		865AEFB92BE3832A00B38634 /* MyProfileView.swift */ = {isa = PBXFileReference; lastKnownFileType = sourcecode.swift; path = MyProfileView.swift; sourceTree = "<group>"; };
		865AEFBB2BE3833100B38634 /* OtherProfileView.swift */ = {isa = PBXFileReference; lastKnownFileType = sourcecode.swift; path = OtherProfileView.swift; sourceTree = "<group>"; };
		865AEFC02BE3962F00B38634 /* ContactServcie.swift */ = {isa = PBXFileReference; lastKnownFileType = sourcecode.swift; path = ContactServcie.swift; sourceTree = "<group>"; };
		8681AC182BD39513001CE0EF /* Colors.xcassets */ = {isa = PBXFileReference; lastKnownFileType = folder.assetcatalog; path = Colors.xcassets; sourceTree = "<group>"; };
		8681AC1B2BD3954A001CE0EF /* Color+Extensions.swift */ = {isa = PBXFileReference; lastKnownFileType = sourcecode.swift; path = "Color+Extensions.swift"; sourceTree = "<group>"; };
		8681AC1F2BD39D33001CE0EF /* LaunchScreen.storyboard */ = {isa = PBXFileReference; fileEncoding = 4; lastKnownFileType = file.storyboard; path = LaunchScreen.storyboard; sourceTree = "<group>"; };
		8681AC212BD39E5B001CE0EF /* DIContainer.swift */ = {isa = PBXFileReference; lastKnownFileType = sourcecode.swift; path = DIContainer.swift; sourceTree = "<group>"; };
		8681AC242BD39E85001CE0EF /* Services.swift */ = {isa = PBXFileReference; lastKnownFileType = sourcecode.swift; path = Services.swift; sourceTree = "<group>"; };
		8681AC272BD3A020001CE0EF /* AuthenticationViewModel.swift */ = {isa = PBXFileReference; lastKnownFileType = sourcecode.swift; path = AuthenticationViewModel.swift; sourceTree = "<group>"; };
		868471C32BCD123F0063D163 /* Messenger.app */ = {isa = PBXFileReference; explicitFileType = wrapper.application; includeInIndex = 0; path = Messenger.app; sourceTree = BUILT_PRODUCTS_DIR; };
		868471C62BCD123F0063D163 /* MessengerApp.swift */ = {isa = PBXFileReference; lastKnownFileType = sourcecode.swift; path = MessengerApp.swift; sourceTree = "<group>"; };
		868471C82BCD123F0063D163 /* AuthenticationView.swift */ = {isa = PBXFileReference; lastKnownFileType = sourcecode.swift; path = AuthenticationView.swift; sourceTree = "<group>"; };
		868471CA2BCD12400063D163 /* Assets.xcassets */ = {isa = PBXFileReference; lastKnownFileType = folder.assetcatalog; path = Assets.xcassets; sourceTree = "<group>"; };
		868471CD2BCD12400063D163 /* Preview Assets.xcassets */ = {isa = PBXFileReference; lastKnownFileType = folder.assetcatalog; path = "Preview Assets.xcassets"; sourceTree = "<group>"; };
		868471D32BCD12400063D163 /* MessengerTests.xctest */ = {isa = PBXFileReference; explicitFileType = wrapper.cfbundle; includeInIndex = 0; path = MessengerTests.xctest; sourceTree = BUILT_PRODUCTS_DIR; };
		868471D72BCD12400063D163 /* MessengerTests.swift */ = {isa = PBXFileReference; lastKnownFileType = sourcecode.swift; path = MessengerTests.swift; sourceTree = "<group>"; };
		868471DD2BCD12400063D163 /* MessengerUITests.xctest */ = {isa = PBXFileReference; explicitFileType = wrapper.cfbundle; includeInIndex = 0; path = MessengerUITests.xctest; sourceTree = BUILT_PRODUCTS_DIR; };
		868471E12BCD12410063D163 /* MessengerUITests.swift */ = {isa = PBXFileReference; lastKnownFileType = sourcecode.swift; path = MessengerUITests.swift; sourceTree = "<group>"; };
		868471E32BCD12410063D163 /* MessengerUITestsLaunchTests.swift */ = {isa = PBXFileReference; lastKnownFileType = sourcecode.swift; path = MessengerUITestsLaunchTests.swift; sourceTree = "<group>"; };
		86910F1A2BE79E0D0031043B /* PhotosPickerService.swift */ = {isa = PBXFileReference; lastKnownFileType = sourcecode.swift; path = PhotosPickerService.swift; sourceTree = "<group>"; };
		86910F1D2BE79F040031043B /* PhotoImage.swift */ = {isa = PBXFileReference; lastKnownFileType = sourcecode.swift; path = PhotoImage.swift; sourceTree = "<group>"; };
		86910F252BE7A7720031043B /* UploadProvider.swift */ = {isa = PBXFileReference; lastKnownFileType = sourcecode.swift; path = UploadProvider.swift; sourceTree = "<group>"; };
		86910F282BE7A8260031043B /* UploadService.swift */ = {isa = PBXFileReference; lastKnownFileType = sourcecode.swift; path = UploadService.swift; sourceTree = "<group>"; };
		86910F2B2BE7A8A00031043B /* UploadSourceType.swift */ = {isa = PBXFileReference; lastKnownFileType = sourcecode.swift; path = UploadSourceType.swift; sourceTree = "<group>"; };
		86910F2D2BE8A3B20031043B /* ImageCacheService.swift */ = {isa = PBXFileReference; lastKnownFileType = sourcecode.swift; path = ImageCacheService.swift; sourceTree = "<group>"; };
		86910F302BE8A43F0031043B /* MemoryStorage.swift */ = {isa = PBXFileReference; lastKnownFileType = sourcecode.swift; path = MemoryStorage.swift; sourceTree = "<group>"; };
		86910F322BE8A5030031043B /* DiskStorage.swift */ = {isa = PBXFileReference; lastKnownFileType = sourcecode.swift; path = DiskStorage.swift; sourceTree = "<group>"; };
		86910F342BE8AC030031043B /* URLImageView.swift */ = {isa = PBXFileReference; lastKnownFileType = sourcecode.swift; path = URLImageView.swift; sourceTree = "<group>"; };
		86910F362BE8AC1E0031043B /* URLImageViewModel.swift */ = {isa = PBXFileReference; lastKnownFileType = sourcecode.swift; path = URLImageViewModel.swift; sourceTree = "<group>"; };
		86A1288E2BE23111006AE8EE /* Phase.swift */ = {isa = PBXFileReference; lastKnownFileType = sourcecode.swift; path = Phase.swift; sourceTree = "<group>"; };
		86A128922BE23217006AE8EE /* PlaceholderView.swift */ = {isa = PBXFileReference; lastKnownFileType = sourcecode.swift; path = PlaceholderView.swift; sourceTree = "<group>"; };
		86A128962BE2323D006AE8EE /* LoadingView.swift */ = {isa = PBXFileReference; lastKnownFileType = sourcecode.swift; path = LoadingView.swift; sourceTree = "<group>"; };
		86A128982BE23290006AE8EE /* ErrorView.swift */ = {isa = PBXFileReference; lastKnownFileType = sourcecode.swift; path = ErrorView.swift; sourceTree = "<group>"; };
		86A55E462BE9E8470007B452 /* ChatRoomService.swift */ = {isa = PBXFileReference; lastKnownFileType = sourcecode.swift; path = ChatRoomService.swift; sourceTree = "<group>"; };
		86A55E482BE9E8DE0007B452 /* ChatRoom.swift */ = {isa = PBXFileReference; lastKnownFileType = sourcecode.swift; path = ChatRoom.swift; sourceTree = "<group>"; };
		86B586C52BE913D7001ECBFB /* OtherProfileViewModel.swift */ = {isa = PBXFileReference; lastKnownFileType = sourcecode.swift; path = OtherProfileViewModel.swift; sourceTree = "<group>"; };
		86B586C72BE91521001ECBFB /* OtherProfileMenuType.swift */ = {isa = PBXFileReference; lastKnownFileType = sourcecode.swift; path = OtherProfileMenuType.swift; sourceTree = "<group>"; };
		86B586C92BE9218B001ECBFB /* ChatRoomDBRepository.swift */ = {isa = PBXFileReference; lastKnownFileType = sourcecode.swift; path = ChatRoomDBRepository.swift; sourceTree = "<group>"; };
		86B586CB2BE921CE001ECBFB /* ChatRoomObject.swift */ = {isa = PBXFileReference; lastKnownFileType = sourcecode.swift; path = ChatRoomObject.swift; sourceTree = "<group>"; };
		86C5FBE72BDB3FC000E16DC5 /* UserService.swift */ = {isa = PBXFileReference; lastKnownFileType = sourcecode.swift; path = UserService.swift; sourceTree = "<group>"; };
		86C5FBE92BDB3FD800E16DC5 /* UserDBRepository.swift */ = {isa = PBXFileReference; lastKnownFileType = sourcecode.swift; path = UserDBRepository.swift; sourceTree = "<group>"; };
		86C5FBEC2BDB429B00E16DC5 /* UserObject.swift */ = {isa = PBXFileReference; lastKnownFileType = sourcecode.swift; path = UserObject.swift; sourceTree = "<group>"; };
		86C5FBEF2BDB42FC00E16DC5 /* DBError.swift */ = {isa = PBXFileReference; lastKnownFileType = sourcecode.swift; path = DBError.swift; sourceTree = "<group>"; };
		86C5FBF12BDB497000E16DC5 /* Constant.swift */ = {isa = PBXFileReference; lastKnownFileType = sourcecode.swift; path = Constant.swift; sourceTree = "<group>"; };
		86D2BF802BD7B24000269262 /* TabType.swift */ = {isa = PBXFileReference; lastKnownFileType = sourcecode.swift; path = TabType.swift; sourceTree = "<group>"; };
		86D2BF822BD7B31600269262 /* HomeView.swift */ = {isa = PBXFileReference; lastKnownFileType = sourcecode.swift; path = HomeView.swift; sourceTree = "<group>"; };
		86D2BF842BD7B31B00269262 /* ChatListView.swift */ = {isa = PBXFileReference; lastKnownFileType = sourcecode.swift; path = ChatListView.swift; sourceTree = "<group>"; };
		86D2BF862BD7B4DA00269262 /* HomeViewModel.swift */ = {isa = PBXFileReference; lastKnownFileType = sourcecode.swift; path = HomeViewModel.swift; sourceTree = "<group>"; };
		86DEEB562BEBC86C008FBCA0 /* SearchButton.swift */ = {isa = PBXFileReference; lastKnownFileType = sourcecode.swift; path = SearchButton.swift; sourceTree = "<group>"; };
		86DEEB5D2BEBCEB1008FBCA0 /* NavigationRoutingView.swift */ = {isa = PBXFileReference; lastKnownFileType = sourcecode.swift; path = NavigationRoutingView.swift; sourceTree = "<group>"; };
		86EDD7D82BE9F37200B08AE7 /* NavigationRouter.swift */ = {isa = PBXFileReference; lastKnownFileType = sourcecode.swift; path = NavigationRouter.swift; sourceTree = "<group>"; };
		86EDD7DA2BE9F39C00B08AE7 /* NavigationDestination.swift */ = {isa = PBXFileReference; lastKnownFileType = sourcecode.swift; path = NavigationDestination.swift; sourceTree = "<group>"; };
		86EDD7DC2BE9F3F700B08AE7 /* ChatView.swift */ = {isa = PBXFileReference; lastKnownFileType = sourcecode.swift; path = ChatView.swift; sourceTree = "<group>"; };
		86EDD7DE2BE9F3FD00B08AE7 /* SearchView.swift */ = {isa = PBXFileReference; lastKnownFileType = sourcecode.swift; path = SearchView.swift; sourceTree = "<group>"; };
/* End PBXFileReference section */

/* Begin PBXFrameworksBuildPhase section */
		868471C02BCD123F0063D163 /* Frameworks */ = {
			isa = PBXFrameworksBuildPhase;
			buildActionMask = 2147483647;
			files = (
				86EE0D2F2BDAC43F009BD327 /* FirebaseDatabase in Frameworks */,
				86910F202BE7A73E0031043B /* FirebaseStorage in Frameworks */,
				86910F222BE7A73E0031043B /* FirebaseStorageCombine-Community in Frameworks */,
				865255532BD4F2910033E485 /* FirebaseAuth in Frameworks */,
				865255662BD640CE0033E485 /* GoogleSignIn in Frameworks */,
			);
			runOnlyForDeploymentPostprocessing = 0;
		};
		868471D02BCD12400063D163 /* Frameworks */ = {
			isa = PBXFrameworksBuildPhase;
			buildActionMask = 2147483647;
			files = (
			);
			runOnlyForDeploymentPostprocessing = 0;
		};
		868471DA2BCD12400063D163 /* Frameworks */ = {
			isa = PBXFrameworksBuildPhase;
			buildActionMask = 2147483647;
			files = (
			);
			runOnlyForDeploymentPostprocessing = 0;
		};
/* End PBXFrameworksBuildPhase section */

/* Begin PBXGroup section */
		865255572BD4F6740033E485 /* View */ = {
			isa = PBXGroup;
			children = (
				8652555D2BD4F6BA0033E485 /* MainTab */,
				8681AC292BD3A028001CE0EF /* Authentication */,
				8652555A2BD4F6A40033E485 /* Login */,
				865AEFBD2BE3834200B38634 /* Profile */,
				86D2BF822BD7B31600269262 /* HomeView.swift */,
				86D2BF862BD7B4DA00269262 /* HomeViewModel.swift */,
				86EDD7DC2BE9F3F700B08AE7 /* ChatView.swift */,
				86EDD7DE2BE9F3FD00B08AE7 /* SearchView.swift */,
				865AEFB72BE3825F00B38634 /* HomeModalDestination.swift */,
				86D2BF842BD7B31B00269262 /* ChatListView.swift */,
			);
			path = View;
			sourceTree = "<group>";
		};
		8652555A2BD4F6A40033E485 /* Login */ = {
			isa = PBXGroup;
			children = (
				865255582BD4F6A00033E485 /* LoginIntroView.swift */,
				865255602BD50CE60033E485 /* LoginView.swift */,
				865255622BD63AF70033E485 /* LoginBtnStyle.swift */,
			);
			path = Login;
			sourceTree = "<group>";
		};
		8652555D2BD4F6BA0033E485 /* MainTab */ = {
			isa = PBXGroup;
			children = (
				8652555B2BD4F6B30033E485 /* MainTabView.swift */,
				86D2BF802BD7B24000269262 /* TabType.swift */,
			);
			path = MainTab;
			sourceTree = "<group>";
		};
		865255692BD645540033E485 /* Model */ = {
			isa = PBXGroup;
			children = (
				865255672BD6454D0033E485 /* User.swift */,
				86A55E482BE9E8DE0007B452 /* ChatRoom.swift */,
			);
			path = Model;
			sourceTree = "<group>";
		};
		865255712BD6CF5C0033E485 /* Util */ = {
			isa = PBXGroup;
			children = (
				8652556D2BD6CF570033E485 /* RandomNonceString.swift */,
				8652556E2BD6CF570033E485 /* SHA256.swift */,
			);
			path = Util;
			sourceTree = "<group>";
		};
		865AEFBD2BE3834200B38634 /* Profile */ = {
			isa = PBXGroup;
			children = (
				86B586C32BE91370001ECBFB /* MyProfile */,
				86B586C42BE913B0001ECBFB /* OtherProfile */,
			);
			path = Profile;
			sourceTree = "<group>";
		};
		8681AC1A2BD39527001CE0EF /* Resource */ = {
			isa = PBXGroup;
			children = (
				868471CA2BCD12400063D163 /* Assets.xcassets */,
				8681AC182BD39513001CE0EF /* Colors.xcassets */,
				8681AC1F2BD39D33001CE0EF /* LaunchScreen.storyboard */,
			);
			path = Resource;
			sourceTree = "<group>";
		};
		8681AC1D2BD39688001CE0EF /* Extension */ = {
			isa = PBXGroup;
			children = (
				8681AC1B2BD3954A001CE0EF /* Color+Extensions.swift */,
			);
			path = Extension;
			sourceTree = "<group>";
		};
		8681AC232BD39E60001CE0EF /* General */ = {
			isa = PBXGroup;
			children = (
				86C5FBF12BDB497000E16DC5 /* Constant.swift */,
				8681AC212BD39E5B001CE0EF /* DIContainer.swift */,
				86A128982BE23290006AE8EE /* ErrorView.swift */,
				86A128962BE2323D006AE8EE /* LoadingView.swift */,
				86DEEB562BEBC86C008FBCA0 /* SearchButton.swift */,
				86A1288E2BE23111006AE8EE /* Phase.swift */,
				86A128922BE23217006AE8EE /* PlaceholderView.swift */,
				86EDD7E02BE9F40200B08AE7 /* Navigation */,
				86910F382BE8AC510031043B /* URLImage */,
			);
			path = General;
			sourceTree = "<group>";
		};
		8681AC262BD39E88001CE0EF /* Service */ = {
			isa = PBXGroup;
			children = (
				8681AC242BD39E85001CE0EF /* Services.swift */,
				865255552BD4F47B0033E485 /* AuthenticationService.swift */,
				865AEFC02BE3962F00B38634 /* ContactServcie.swift */,
				8652556A2BD645A40033E485 /* ServiceError.swift */,
				86C5FBE72BDB3FC000E16DC5 /* UserService.swift */,
				86A55E462BE9E8470007B452 /* ChatRoomService.swift */,
				86910F2F2BE8A42F0031043B /* ImageCache */,
				86910F2A2BE7A88D0031043B /* UPload */,
				86910F1C2BE79EEC0031043B /* PhotosPicker */,
			);
			path = Service;
			sourceTree = "<group>";
		};
		8681AC292BD3A028001CE0EF /* Authentication */ = {
			isa = PBXGroup;
			children = (
				868471C82BCD123F0063D163 /* AuthenticationView.swift */,
				8681AC272BD3A020001CE0EF /* AuthenticationViewModel.swift */,
			);
			path = Authentication;
			sourceTree = "<group>";
		};
		868471BA2BCD123F0063D163 = {
			isa = PBXGroup;
			children = (
				868471C52BCD123F0063D163 /* Messenger */,
				868471D62BCD12400063D163 /* MessengerTests */,
				868471E02BCD12410063D163 /* MessengerUITests */,
				868471C42BCD123F0063D163 /* Products */,
				86EE0D2D2BDAC43F009BD327 /* Frameworks */,
			);
			sourceTree = "<group>";
		};
		868471C42BCD123F0063D163 /* Products */ = {
			isa = PBXGroup;
			children = (
				868471C32BCD123F0063D163 /* Messenger.app */,
				868471D32BCD12400063D163 /* MessengerTests.xctest */,
				868471DD2BCD12400063D163 /* MessengerUITests.xctest */,
			);
			name = Products;
			sourceTree = "<group>";
		};
		868471C52BCD123F0063D163 /* Messenger */ = {
			isa = PBXGroup;
			children = (
				8652556C2BD6CD300033E485 /* Messenger.entitlements */,
				865255542BD4F3DB0033E485 /* Info.plist */,
				865255432BD4ED6C0033E485 /* GoogleService-Info.plist */,
				868471C62BCD123F0063D163 /* MessengerApp.swift */,
				8652554F2BD4F1560033E485 /* AppDelegate.swift */,
				865255572BD4F6740033E485 /* View */,
				86C5FBEB2BDB3FDF00E16DC5 /* Repository */,
				865255692BD645540033E485 /* Model */,
				86910F272BE7A7760031043B /* Provider */,
				8681AC262BD39E88001CE0EF /* Service */,
				8681AC232BD39E60001CE0EF /* General */,
				8681AC1D2BD39688001CE0EF /* Extension */,
				865255712BD6CF5C0033E485 /* Util */,
				8681AC1A2BD39527001CE0EF /* Resource */,
				868471CC2BCD12400063D163 /* Preview Content */,
			);
			path = Messenger;
			sourceTree = "<group>";
		};
		868471CC2BCD12400063D163 /* Preview Content */ = {
			isa = PBXGroup;
			children = (
				868471CD2BCD12400063D163 /* Preview Assets.xcassets */,
			);
			path = "Preview Content";
			sourceTree = "<group>";
		};
		868471D62BCD12400063D163 /* MessengerTests */ = {
			isa = PBXGroup;
			children = (
				868471D72BCD12400063D163 /* MessengerTests.swift */,
			);
			path = MessengerTests;
			sourceTree = "<group>";
		};
		868471E02BCD12410063D163 /* MessengerUITests */ = {
			isa = PBXGroup;
			children = (
				868471E12BCD12410063D163 /* MessengerUITests.swift */,
				868471E32BCD12410063D163 /* MessengerUITestsLaunchTests.swift */,
			);
			path = MessengerUITests;
			sourceTree = "<group>";
		};
		86910F1C2BE79EEC0031043B /* PhotosPicker */ = {
			isa = PBXGroup;
			children = (
				86910F1A2BE79E0D0031043B /* PhotosPickerService.swift */,
				86910F1D2BE79F040031043B /* PhotoImage.swift */,
			);
			path = PhotosPicker;
			sourceTree = "<group>";
		};
		86910F272BE7A7760031043B /* Provider */ = {
			isa = PBXGroup;
			children = (
				86910F252BE7A7720031043B /* UploadProvider.swift */,
			);
			path = Provider;
			sourceTree = "<group>";
		};
		86910F2A2BE7A88D0031043B /* UPload */ = {
			isa = PBXGroup;
			children = (
				86910F282BE7A8260031043B /* UploadService.swift */,
				86910F2B2BE7A8A00031043B /* UploadSourceType.swift */,
			);
			path = UPload;
			sourceTree = "<group>";
		};
		86910F2F2BE8A42F0031043B /* ImageCache */ = {
			isa = PBXGroup;
			children = (
				86910F2D2BE8A3B20031043B /* ImageCacheService.swift */,
				86910F302BE8A43F0031043B /* MemoryStorage.swift */,
				86910F322BE8A5030031043B /* DiskStorage.swift */,
			);
			path = ImageCache;
			sourceTree = "<group>";
		};
		86910F382BE8AC510031043B /* URLImage */ = {
			isa = PBXGroup;
			children = (
				86910F342BE8AC030031043B /* URLImageView.swift */,
				86910F362BE8AC1E0031043B /* URLImageViewModel.swift */,
			);
			path = URLImage;
			sourceTree = "<group>";
		};
		86B586C32BE91370001ECBFB /* MyProfile */ = {
			isa = PBXGroup;
			children = (
				865AEFB92BE3832A00B38634 /* MyProfileView.swift */,
				861DC32E2BE4F6F000D29C56 /* MyProfileMenuType.swift */,
				861DC3302BE4FC9B00D29C56 /* MyProfileDescEditView.swift */,
				861DC32C2BE4F42400D29C56 /* MyProfileViewModel.swift */,
			);
			path = MyProfile;
			sourceTree = "<group>";
		};
		86B586C42BE913B0001ECBFB /* OtherProfile */ = {
			isa = PBXGroup;
			children = (
				865AEFBB2BE3833100B38634 /* OtherProfileView.swift */,
				86B586C52BE913D7001ECBFB /* OtherProfileViewModel.swift */,
				86B586C72BE91521001ECBFB /* OtherProfileMenuType.swift */,
			);
			path = OtherProfile;
			sourceTree = "<group>";
		};
		86C5FBEB2BDB3FDF00E16DC5 /* Repository */ = {
			isa = PBXGroup;
			children = (
				86C5FBE92BDB3FD800E16DC5 /* UserDBRepository.swift */,
				86B586C92BE9218B001ECBFB /* ChatRoomDBRepository.swift */,
				86C5FBEF2BDB42FC00E16DC5 /* DBError.swift */,
				86C5FBEE2BDB429E00E16DC5 /* DTO */,
			);
			path = Repository;
			sourceTree = "<group>";
		};
		86C5FBEE2BDB429E00E16DC5 /* DTO */ = {
			isa = PBXGroup;
			children = (
				86C5FBEC2BDB429B00E16DC5 /* UserObject.swift */,
				86B586CB2BE921CE001ECBFB /* ChatRoomObject.swift */,
			);
			path = DTO;
			sourceTree = "<group>";
		};
		86EDD7E02BE9F40200B08AE7 /* Navigation */ = {
			isa = PBXGroup;
			children = (
				86EDD7D82BE9F37200B08AE7 /* NavigationRouter.swift */,
				86DEEB5D2BEBCEB1008FBCA0 /* NavigationRoutingView.swift */,
				86EDD7DA2BE9F39C00B08AE7 /* NavigationDestination.swift */,
			);
			path = Navigation;
			sourceTree = "<group>";
		};
		86EE0D2D2BDAC43F009BD327 /* Frameworks */ = {
			isa = PBXGroup;
			children = (
			);
			name = Frameworks;
			sourceTree = "<group>";
		};
/* End PBXGroup section */

/* Begin PBXNativeTarget section */
		868471C22BCD123F0063D163 /* Messenger */ = {
			isa = PBXNativeTarget;
			buildConfigurationList = 868471E72BCD12410063D163 /* Build configuration list for PBXNativeTarget "Messenger" */;
			buildPhases = (
				868471BF2BCD123F0063D163 /* Sources */,
				868471C02BCD123F0063D163 /* Frameworks */,
				868471C12BCD123F0063D163 /* Resources */,
			);
			buildRules = (
			);
			dependencies = (
			);
			name = Messenger;
			packageProductDependencies = (
				865255522BD4F2910033E485 /* FirebaseAuth */,
				865255652BD640CE0033E485 /* GoogleSignIn */,
				86EE0D2E2BDAC43F009BD327 /* FirebaseDatabase */,
				86910F1F2BE7A73E0031043B /* FirebaseStorage */,
				86910F212BE7A73E0031043B /* FirebaseStorageCombine-Community */,
			);
			productName = Messenger;
			productReference = 868471C32BCD123F0063D163 /* Messenger.app */;
			productType = "com.apple.product-type.application";
		};
		868471D22BCD12400063D163 /* MessengerTests */ = {
			isa = PBXNativeTarget;
			buildConfigurationList = 868471EA2BCD12410063D163 /* Build configuration list for PBXNativeTarget "MessengerTests" */;
			buildPhases = (
				868471CF2BCD12400063D163 /* Sources */,
				868471D02BCD12400063D163 /* Frameworks */,
				868471D12BCD12400063D163 /* Resources */,
			);
			buildRules = (
			);
			dependencies = (
				868471D52BCD12400063D163 /* PBXTargetDependency */,
			);
			name = MessengerTests;
			productName = MessengerTests;
			productReference = 868471D32BCD12400063D163 /* MessengerTests.xctest */;
			productType = "com.apple.product-type.bundle.unit-test";
		};
		868471DC2BCD12400063D163 /* MessengerUITests */ = {
			isa = PBXNativeTarget;
			buildConfigurationList = 868471ED2BCD12410063D163 /* Build configuration list for PBXNativeTarget "MessengerUITests" */;
			buildPhases = (
				868471D92BCD12400063D163 /* Sources */,
				868471DA2BCD12400063D163 /* Frameworks */,
				868471DB2BCD12400063D163 /* Resources */,
			);
			buildRules = (
			);
			dependencies = (
				868471DF2BCD12410063D163 /* PBXTargetDependency */,
			);
			name = MessengerUITests;
			productName = MessengerUITests;
			productReference = 868471DD2BCD12400063D163 /* MessengerUITests.xctest */;
			productType = "com.apple.product-type.bundle.ui-testing";
		};
/* End PBXNativeTarget section */

/* Begin PBXProject section */
		868471BB2BCD123F0063D163 /* Project object */ = {
			isa = PBXProject;
			attributes = {
				BuildIndependentTargetsInParallel = 1;
				LastSwiftUpdateCheck = 1500;
				LastUpgradeCheck = 1500;
				TargetAttributes = {
					868471C22BCD123F0063D163 = {
						CreatedOnToolsVersion = 15.0.1;
					};
					868471D22BCD12400063D163 = {
						CreatedOnToolsVersion = 15.0.1;
						TestTargetID = 868471C22BCD123F0063D163;
					};
					868471DC2BCD12400063D163 = {
						CreatedOnToolsVersion = 15.0.1;
						TestTargetID = 868471C22BCD123F0063D163;
					};
				};
			};
			buildConfigurationList = 868471BE2BCD123F0063D163 /* Build configuration list for PBXProject "Messenger" */;
			compatibilityVersion = "Xcode 14.0";
			developmentRegion = en;
			hasScannedForEncodings = 0;
			knownRegions = (
				en,
				Base,
			);
			mainGroup = 868471BA2BCD123F0063D163;
			packageReferences = (
				865255512BD4F2910033E485 /* XCRemoteSwiftPackageReference "firebase-ios-sdk" */,
				865255642BD640CE0033E485 /* XCRemoteSwiftPackageReference "GoogleSignIn-iOS" */,
			);
			productRefGroup = 868471C42BCD123F0063D163 /* Products */;
			projectDirPath = "";
			projectRoot = "";
			targets = (
				868471C22BCD123F0063D163 /* Messenger */,
				868471D22BCD12400063D163 /* MessengerTests */,
				868471DC2BCD12400063D163 /* MessengerUITests */,
			);
		};
/* End PBXProject section */

/* Begin PBXResourcesBuildPhase section */
		868471C12BCD123F0063D163 /* Resources */ = {
			isa = PBXResourcesBuildPhase;
			buildActionMask = 2147483647;
			files = (
				8681AC192BD39513001CE0EF /* Colors.xcassets in Resources */,
				8681AC202BD39D33001CE0EF /* LaunchScreen.storyboard in Resources */,
				865255442BD4ED6C0033E485 /* GoogleService-Info.plist in Resources */,
				868471CE2BCD12400063D163 /* Preview Assets.xcassets in Resources */,
				868471CB2BCD12400063D163 /* Assets.xcassets in Resources */,
			);
			runOnlyForDeploymentPostprocessing = 0;
		};
		868471D12BCD12400063D163 /* Resources */ = {
			isa = PBXResourcesBuildPhase;
			buildActionMask = 2147483647;
			files = (
			);
			runOnlyForDeploymentPostprocessing = 0;
		};
		868471DB2BCD12400063D163 /* Resources */ = {
			isa = PBXResourcesBuildPhase;
			buildActionMask = 2147483647;
			files = (
			);
			runOnlyForDeploymentPostprocessing = 0;
		};
/* End PBXResourcesBuildPhase section */

/* Begin PBXSourcesBuildPhase section */
		868471BF2BCD123F0063D163 /* Sources */ = {
			isa = PBXSourcesBuildPhase;
			buildActionMask = 2147483647;
			files = (
				86C5FBF02BDB42FC00E16DC5 /* DBError.swift in Sources */,
				865255702BD6CF570033E485 /* SHA256.swift in Sources */,
				865255682BD6454D0033E485 /* User.swift in Sources */,
				865255632BD63AF70033E485 /* LoginBtnStyle.swift in Sources */,
				86C5FBED2BDB429B00E16DC5 /* UserObject.swift in Sources */,
				86910F2C2BE7A8A00031043B /* UploadSourceType.swift in Sources */,
				86A128992BE23290006AE8EE /* ErrorView.swift in Sources */,
				86A128972BE2323D006AE8EE /* LoadingView.swift in Sources */,
				86A1288F2BE23111006AE8EE /* Phase.swift in Sources */,
				86D2BF872BD7B4DA00269262 /* HomeViewModel.swift in Sources */,
				86A55E492BE9E8DF0007B452 /* ChatRoom.swift in Sources */,
				8652556F2BD6CF570033E485 /* RandomNonceString.swift in Sources */,
				86A128932BE23217006AE8EE /* PlaceholderView.swift in Sources */,
				86910F1B2BE79E0D0031043B /* PhotosPickerService.swift in Sources */,
				865AEFB82BE3825F00B38634 /* HomeModalDestination.swift in Sources */,
				86910F2E2BE8A3B20031043B /* ImageCacheService.swift in Sources */,
				865255592BD4F6A00033E485 /* LoginIntroView.swift in Sources */,
				86B586CA2BE9218B001ECBFB /* ChatRoomDBRepository.swift in Sources */,
				8681AC222BD39E5B001CE0EF /* DIContainer.swift in Sources */,
				86910F262BE7A7720031043B /* UploadProvider.swift in Sources */,
				86D2BF812BD7B24000269262 /* TabType.swift in Sources */,
				86B586C62BE913D7001ECBFB /* OtherProfileViewModel.swift in Sources */,
				868471C92BCD123F0063D163 /* AuthenticationView.swift in Sources */,
				86910F332BE8A5030031043B /* DiskStorage.swift in Sources */,
				865AEFC12BE3962F00B38634 /* ContactServcie.swift in Sources */,
				86D2BF852BD7B31B00269262 /* ChatListView.swift in Sources */,
				8681AC252BD39E85001CE0EF /* Services.swift in Sources */,
				86D2BF832BD7B31600269262 /* HomeView.swift in Sources */,
				8681AC282BD3A020001CE0EF /* AuthenticationViewModel.swift in Sources */,
				86910F1E2BE79F040031043B /* PhotoImage.swift in Sources */,
				865255502BD4F1560033E485 /* AppDelegate.swift in Sources */,
				86EDD7D92BE9F37200B08AE7 /* NavigationRouter.swift in Sources */,
				861DC32D2BE4F42400D29C56 /* MyProfileViewModel.swift in Sources */,
				86C5FBE82BDB3FC000E16DC5 /* UserService.swift in Sources */,
				86EDD7DB2BE9F39C00B08AE7 /* NavigationDestination.swift in Sources */,
				86B586C82BE91521001ECBFB /* OtherProfileMenuType.swift in Sources */,
				86C5FBF22BDB497000E16DC5 /* Constant.swift in Sources */,
				86EDD7DD2BE9F3F700B08AE7 /* ChatView.swift in Sources */,
				86910F292BE7A8260031043B /* UploadService.swift in Sources */,
				86910F352BE8AC030031043B /* URLImageView.swift in Sources */,
				868471C72BCD123F0063D163 /* MessengerApp.swift in Sources */,
				8681AC1C2BD3954A001CE0EF /* Color+Extensions.swift in Sources */,
				86910F312BE8A43F0031043B /* MemoryStorage.swift in Sources */,
				86B586CC2BE921CE001ECBFB /* ChatRoomObject.swift in Sources */,
				865255612BD50CE60033E485 /* LoginView.swift in Sources */,
				86DEEB572BEBC86C008FBCA0 /* SearchButton.swift in Sources */,
				86C5FBEA2BDB3FD800E16DC5 /* UserDBRepository.swift in Sources */,
				865255562BD4F47B0033E485 /* AuthenticationService.swift in Sources */,
				8652556B2BD645A40033E485 /* ServiceError.swift in Sources */,
				86DEEB5E2BEBCEB1008FBCA0 /* NavigationRoutingView.swift in Sources */,
				865AEFBA2BE3832A00B38634 /* MyProfileView.swift in Sources */,
				8652555C2BD4F6B30033E485 /* MainTabView.swift in Sources */,
				86910F372BE8AC1E0031043B /* URLImageViewModel.swift in Sources */,
				86A55E472BE9E8470007B452 /* ChatRoomService.swift in Sources */,
				86EDD7DF2BE9F3FD00B08AE7 /* SearchView.swift in Sources */,
				861DC3312BE4FC9B00D29C56 /* MyProfileDescEditView.swift in Sources */,
				861DC32F2BE4F6F000D29C56 /* MyProfileMenuType.swift in Sources */,
				865AEFBC2BE3833100B38634 /* OtherProfileView.swift in Sources */,
			);
			runOnlyForDeploymentPostprocessing = 0;
		};
		868471CF2BCD12400063D163 /* Sources */ = {
			isa = PBXSourcesBuildPhase;
			buildActionMask = 2147483647;
			files = (
				868471D82BCD12400063D163 /* MessengerTests.swift in Sources */,
			);
			runOnlyForDeploymentPostprocessing = 0;
		};
		868471D92BCD12400063D163 /* Sources */ = {
			isa = PBXSourcesBuildPhase;
			buildActionMask = 2147483647;
			files = (
				868471E42BCD12410063D163 /* MessengerUITestsLaunchTests.swift in Sources */,
				868471E22BCD12410063D163 /* MessengerUITests.swift in Sources */,
			);
			runOnlyForDeploymentPostprocessing = 0;
		};
/* End PBXSourcesBuildPhase section */

/* Begin PBXTargetDependency section */
		868471D52BCD12400063D163 /* PBXTargetDependency */ = {
			isa = PBXTargetDependency;
			target = 868471C22BCD123F0063D163 /* Messenger */;
			targetProxy = 868471D42BCD12400063D163 /* PBXContainerItemProxy */;
		};
		868471DF2BCD12410063D163 /* PBXTargetDependency */ = {
			isa = PBXTargetDependency;
			target = 868471C22BCD123F0063D163 /* Messenger */;
			targetProxy = 868471DE2BCD12410063D163 /* PBXContainerItemProxy */;
		};
/* End PBXTargetDependency section */

/* Begin XCBuildConfiguration section */
		868471E52BCD12410063D163 /* Debug */ = {
			isa = XCBuildConfiguration;
			buildSettings = {
				ALWAYS_SEARCH_USER_PATHS = NO;
				ASSETCATALOG_COMPILER_GENERATE_SWIFT_ASSET_SYMBOL_EXTENSIONS = YES;
				CLANG_ANALYZER_NONNULL = YES;
				CLANG_ANALYZER_NUMBER_OBJECT_CONVERSION = YES_AGGRESSIVE;
				CLANG_CXX_LANGUAGE_STANDARD = "gnu++20";
				CLANG_ENABLE_MODULES = YES;
				CLANG_ENABLE_OBJC_ARC = YES;
				CLANG_ENABLE_OBJC_WEAK = YES;
				CLANG_WARN_BLOCK_CAPTURE_AUTORELEASING = YES;
				CLANG_WARN_BOOL_CONVERSION = YES;
				CLANG_WARN_COMMA = YES;
				CLANG_WARN_CONSTANT_CONVERSION = YES;
				CLANG_WARN_DEPRECATED_OBJC_IMPLEMENTATIONS = YES;
				CLANG_WARN_DIRECT_OBJC_ISA_USAGE = YES_ERROR;
				CLANG_WARN_DOCUMENTATION_COMMENTS = YES;
				CLANG_WARN_EMPTY_BODY = YES;
				CLANG_WARN_ENUM_CONVERSION = YES;
				CLANG_WARN_INFINITE_RECURSION = YES;
				CLANG_WARN_INT_CONVERSION = YES;
				CLANG_WARN_NON_LITERAL_NULL_CONVERSION = YES;
				CLANG_WARN_OBJC_IMPLICIT_RETAIN_SELF = YES;
				CLANG_WARN_OBJC_LITERAL_CONVERSION = YES;
				CLANG_WARN_OBJC_ROOT_CLASS = YES_ERROR;
				CLANG_WARN_QUOTED_INCLUDE_IN_FRAMEWORK_HEADER = YES;
				CLANG_WARN_RANGE_LOOP_ANALYSIS = YES;
				CLANG_WARN_STRICT_PROTOTYPES = YES;
				CLANG_WARN_SUSPICIOUS_MOVE = YES;
				CLANG_WARN_UNGUARDED_AVAILABILITY = YES_AGGRESSIVE;
				CLANG_WARN_UNREACHABLE_CODE = YES;
				CLANG_WARN__DUPLICATE_METHOD_MATCH = YES;
				COPY_PHASE_STRIP = NO;
				DEBUG_INFORMATION_FORMAT = dwarf;
				ENABLE_STRICT_OBJC_MSGSEND = YES;
				ENABLE_TESTABILITY = YES;
				ENABLE_USER_SCRIPT_SANDBOXING = YES;
				GCC_C_LANGUAGE_STANDARD = gnu17;
				GCC_DYNAMIC_NO_PIC = NO;
				GCC_NO_COMMON_BLOCKS = YES;
				GCC_OPTIMIZATION_LEVEL = 0;
				GCC_PREPROCESSOR_DEFINITIONS = (
					"DEBUG=1",
					"$(inherited)",
				);
				GCC_WARN_64_TO_32_BIT_CONVERSION = YES;
				GCC_WARN_ABOUT_RETURN_TYPE = YES_ERROR;
				GCC_WARN_UNDECLARED_SELECTOR = YES;
				GCC_WARN_UNINITIALIZED_AUTOS = YES_AGGRESSIVE;
				GCC_WARN_UNUSED_FUNCTION = YES;
				GCC_WARN_UNUSED_VARIABLE = YES;
				IPHONEOS_DEPLOYMENT_TARGET = 17.0;
				LOCALIZATION_PREFERS_STRING_CATALOGS = YES;
				MTL_ENABLE_DEBUG_INFO = INCLUDE_SOURCE;
				MTL_FAST_MATH = YES;
				ONLY_ACTIVE_ARCH = YES;
				SDKROOT = iphoneos;
				SWIFT_ACTIVE_COMPILATION_CONDITIONS = "DEBUG $(inherited)";
				SWIFT_OPTIMIZATION_LEVEL = "-Onone";
			};
			name = Debug;
		};
		868471E62BCD12410063D163 /* Release */ = {
			isa = XCBuildConfiguration;
			buildSettings = {
				ALWAYS_SEARCH_USER_PATHS = NO;
				ASSETCATALOG_COMPILER_GENERATE_SWIFT_ASSET_SYMBOL_EXTENSIONS = YES;
				CLANG_ANALYZER_NONNULL = YES;
				CLANG_ANALYZER_NUMBER_OBJECT_CONVERSION = YES_AGGRESSIVE;
				CLANG_CXX_LANGUAGE_STANDARD = "gnu++20";
				CLANG_ENABLE_MODULES = YES;
				CLANG_ENABLE_OBJC_ARC = YES;
				CLANG_ENABLE_OBJC_WEAK = YES;
				CLANG_WARN_BLOCK_CAPTURE_AUTORELEASING = YES;
				CLANG_WARN_BOOL_CONVERSION = YES;
				CLANG_WARN_COMMA = YES;
				CLANG_WARN_CONSTANT_CONVERSION = YES;
				CLANG_WARN_DEPRECATED_OBJC_IMPLEMENTATIONS = YES;
				CLANG_WARN_DIRECT_OBJC_ISA_USAGE = YES_ERROR;
				CLANG_WARN_DOCUMENTATION_COMMENTS = YES;
				CLANG_WARN_EMPTY_BODY = YES;
				CLANG_WARN_ENUM_CONVERSION = YES;
				CLANG_WARN_INFINITE_RECURSION = YES;
				CLANG_WARN_INT_CONVERSION = YES;
				CLANG_WARN_NON_LITERAL_NULL_CONVERSION = YES;
				CLANG_WARN_OBJC_IMPLICIT_RETAIN_SELF = YES;
				CLANG_WARN_OBJC_LITERAL_CONVERSION = YES;
				CLANG_WARN_OBJC_ROOT_CLASS = YES_ERROR;
				CLANG_WARN_QUOTED_INCLUDE_IN_FRAMEWORK_HEADER = YES;
				CLANG_WARN_RANGE_LOOP_ANALYSIS = YES;
				CLANG_WARN_STRICT_PROTOTYPES = YES;
				CLANG_WARN_SUSPICIOUS_MOVE = YES;
				CLANG_WARN_UNGUARDED_AVAILABILITY = YES_AGGRESSIVE;
				CLANG_WARN_UNREACHABLE_CODE = YES;
				CLANG_WARN__DUPLICATE_METHOD_MATCH = YES;
				COPY_PHASE_STRIP = NO;
				DEBUG_INFORMATION_FORMAT = "dwarf-with-dsym";
				ENABLE_NS_ASSERTIONS = NO;
				ENABLE_STRICT_OBJC_MSGSEND = YES;
				ENABLE_USER_SCRIPT_SANDBOXING = YES;
				GCC_C_LANGUAGE_STANDARD = gnu17;
				GCC_NO_COMMON_BLOCKS = YES;
				GCC_WARN_64_TO_32_BIT_CONVERSION = YES;
				GCC_WARN_ABOUT_RETURN_TYPE = YES_ERROR;
				GCC_WARN_UNDECLARED_SELECTOR = YES;
				GCC_WARN_UNINITIALIZED_AUTOS = YES_AGGRESSIVE;
				GCC_WARN_UNUSED_FUNCTION = YES;
				GCC_WARN_UNUSED_VARIABLE = YES;
				IPHONEOS_DEPLOYMENT_TARGET = 17.0;
				LOCALIZATION_PREFERS_STRING_CATALOGS = YES;
				MTL_ENABLE_DEBUG_INFO = NO;
				MTL_FAST_MATH = YES;
				SDKROOT = iphoneos;
				SWIFT_COMPILATION_MODE = wholemodule;
				VALIDATE_PRODUCT = YES;
			};
			name = Release;
		};
		868471E82BCD12410063D163 /* Debug */ = {
			isa = XCBuildConfiguration;
			buildSettings = {
				ASSETCATALOG_COMPILER_APPICON_NAME = AppIcon;
				ASSETCATALOG_COMPILER_GENERATE_SWIFT_ASSET_SYMBOL_EXTENSIONS = NO;
				ASSETCATALOG_COMPILER_GLOBAL_ACCENT_COLOR_NAME = AccentColor;
				CODE_SIGN_ENTITLEMENTS = Messenger/Messenger.entitlements;
				CODE_SIGN_STYLE = Automatic;
				CURRENT_PROJECT_VERSION = 1;
				DEVELOPMENT_ASSET_PATHS = "\"Messenger/Preview Content\"";
				DEVELOPMENT_TEAM = SC2M4P5Z8J;
				ENABLE_PREVIEWS = YES;
				GENERATE_INFOPLIST_FILE = YES;
				INFOPLIST_FILE = Messenger/Info.plist;
				INFOPLIST_KEY_NSContactsUsageDescription = "친구 목록을 가져옵니다.";
				INFOPLIST_KEY_UIApplicationSceneManifest_Generation = YES;
				INFOPLIST_KEY_UIApplicationSupportsIndirectInputEvents = YES;
				INFOPLIST_KEY_UILaunchStoryboardName = LaunchScreen;
				INFOPLIST_KEY_UISupportedInterfaceOrientations = UIInterfaceOrientationPortrait;
				IPHONEOS_DEPLOYMENT_TARGET = 16.0;
				LD_RUNPATH_SEARCH_PATHS = (
					"$(inherited)",
					"@executable_path/Frameworks",
				);
				MARKETING_VERSION = 1.0;
				PRODUCT_BUNDLE_IDENTIFIER = com.torinunna.Messenger;
				PRODUCT_NAME = "$(TARGET_NAME)";
				SWIFT_EMIT_LOC_STRINGS = YES;
				SWIFT_VERSION = 5.0;
				TARGETED_DEVICE_FAMILY = "1,2";
			};
			name = Debug;
		};
		868471E92BCD12410063D163 /* Release */ = {
			isa = XCBuildConfiguration;
			buildSettings = {
				ASSETCATALOG_COMPILER_APPICON_NAME = AppIcon;
				ASSETCATALOG_COMPILER_GENERATE_SWIFT_ASSET_SYMBOL_EXTENSIONS = NO;
				ASSETCATALOG_COMPILER_GLOBAL_ACCENT_COLOR_NAME = AccentColor;
				CODE_SIGN_ENTITLEMENTS = Messenger/Messenger.entitlements;
				CODE_SIGN_STYLE = Automatic;
				CURRENT_PROJECT_VERSION = 1;
				DEVELOPMENT_ASSET_PATHS = "\"Messenger/Preview Content\"";
				DEVELOPMENT_TEAM = SC2M4P5Z8J;
				ENABLE_PREVIEWS = YES;
				GENERATE_INFOPLIST_FILE = YES;
				INFOPLIST_FILE = Messenger/Info.plist;
				INFOPLIST_KEY_NSContactsUsageDescription = "친구 목록을 가져옵니다.";
				INFOPLIST_KEY_UIApplicationSceneManifest_Generation = YES;
				INFOPLIST_KEY_UIApplicationSupportsIndirectInputEvents = YES;
				INFOPLIST_KEY_UILaunchStoryboardName = LaunchScreen;
				INFOPLIST_KEY_UISupportedInterfaceOrientations = UIInterfaceOrientationPortrait;
				IPHONEOS_DEPLOYMENT_TARGET = 16.0;
				LD_RUNPATH_SEARCH_PATHS = (
					"$(inherited)",
					"@executable_path/Frameworks",
				);
				MARKETING_VERSION = 1.0;
				PRODUCT_BUNDLE_IDENTIFIER = com.torinunna.Messenger;
				PRODUCT_NAME = "$(TARGET_NAME)";
				SWIFT_EMIT_LOC_STRINGS = YES;
				SWIFT_VERSION = 5.0;
				TARGETED_DEVICE_FAMILY = "1,2";
			};
			name = Release;
		};
		868471EB2BCD12410063D163 /* Debug */ = {
			isa = XCBuildConfiguration;
			buildSettings = {
				ALWAYS_EMBED_SWIFT_STANDARD_LIBRARIES = YES;
				BUNDLE_LOADER = "$(TEST_HOST)";
				CODE_SIGN_STYLE = Automatic;
				CURRENT_PROJECT_VERSION = 1;
				DEVELOPMENT_TEAM = SC2M4P5Z8J;
				GENERATE_INFOPLIST_FILE = YES;
				IPHONEOS_DEPLOYMENT_TARGET = 17.0;
				MARKETING_VERSION = 1.0;
				PRODUCT_BUNDLE_IDENTIFIER = com.torinunna.MessengerTests;
				PRODUCT_NAME = "$(TARGET_NAME)";
				SWIFT_EMIT_LOC_STRINGS = NO;
				SWIFT_VERSION = 5.0;
				TARGETED_DEVICE_FAMILY = "1,2";
				TEST_HOST = "$(BUILT_PRODUCTS_DIR)/Messenger.app/$(BUNDLE_EXECUTABLE_FOLDER_PATH)/Messenger";
			};
			name = Debug;
		};
		868471EC2BCD12410063D163 /* Release */ = {
			isa = XCBuildConfiguration;
			buildSettings = {
				ALWAYS_EMBED_SWIFT_STANDARD_LIBRARIES = YES;
				BUNDLE_LOADER = "$(TEST_HOST)";
				CODE_SIGN_STYLE = Automatic;
				CURRENT_PROJECT_VERSION = 1;
				DEVELOPMENT_TEAM = SC2M4P5Z8J;
				GENERATE_INFOPLIST_FILE = YES;
				IPHONEOS_DEPLOYMENT_TARGET = 17.0;
				MARKETING_VERSION = 1.0;
				PRODUCT_BUNDLE_IDENTIFIER = com.torinunna.MessengerTests;
				PRODUCT_NAME = "$(TARGET_NAME)";
				SWIFT_EMIT_LOC_STRINGS = NO;
				SWIFT_VERSION = 5.0;
				TARGETED_DEVICE_FAMILY = "1,2";
				TEST_HOST = "$(BUILT_PRODUCTS_DIR)/Messenger.app/$(BUNDLE_EXECUTABLE_FOLDER_PATH)/Messenger";
			};
			name = Release;
		};
		868471EE2BCD12410063D163 /* Debug */ = {
			isa = XCBuildConfiguration;
			buildSettings = {
				ALWAYS_EMBED_SWIFT_STANDARD_LIBRARIES = YES;
				CODE_SIGN_STYLE = Automatic;
				CURRENT_PROJECT_VERSION = 1;
				DEVELOPMENT_TEAM = SC2M4P5Z8J;
				GENERATE_INFOPLIST_FILE = YES;
				MARKETING_VERSION = 1.0;
				PRODUCT_BUNDLE_IDENTIFIER = com.torinunna.MessengerUITests;
				PRODUCT_NAME = "$(TARGET_NAME)";
				SWIFT_EMIT_LOC_STRINGS = NO;
				SWIFT_VERSION = 5.0;
				TARGETED_DEVICE_FAMILY = "1,2";
				TEST_TARGET_NAME = Messenger;
			};
			name = Debug;
		};
		868471EF2BCD12410063D163 /* Release */ = {
			isa = XCBuildConfiguration;
			buildSettings = {
				ALWAYS_EMBED_SWIFT_STANDARD_LIBRARIES = YES;
				CODE_SIGN_STYLE = Automatic;
				CURRENT_PROJECT_VERSION = 1;
				DEVELOPMENT_TEAM = SC2M4P5Z8J;
				GENERATE_INFOPLIST_FILE = YES;
				MARKETING_VERSION = 1.0;
				PRODUCT_BUNDLE_IDENTIFIER = com.torinunna.MessengerUITests;
				PRODUCT_NAME = "$(TARGET_NAME)";
				SWIFT_EMIT_LOC_STRINGS = NO;
				SWIFT_VERSION = 5.0;
				TARGETED_DEVICE_FAMILY = "1,2";
				TEST_TARGET_NAME = Messenger;
			};
			name = Release;
		};
/* End XCBuildConfiguration section */

/* Begin XCConfigurationList section */
		868471BE2BCD123F0063D163 /* Build configuration list for PBXProject "Messenger" */ = {
			isa = XCConfigurationList;
			buildConfigurations = (
				868471E52BCD12410063D163 /* Debug */,
				868471E62BCD12410063D163 /* Release */,
			);
			defaultConfigurationIsVisible = 0;
			defaultConfigurationName = Release;
		};
		868471E72BCD12410063D163 /* Build configuration list for PBXNativeTarget "Messenger" */ = {
			isa = XCConfigurationList;
			buildConfigurations = (
				868471E82BCD12410063D163 /* Debug */,
				868471E92BCD12410063D163 /* Release */,
			);
			defaultConfigurationIsVisible = 0;
			defaultConfigurationName = Release;
		};
		868471EA2BCD12410063D163 /* Build configuration list for PBXNativeTarget "MessengerTests" */ = {
			isa = XCConfigurationList;
			buildConfigurations = (
				868471EB2BCD12410063D163 /* Debug */,
				868471EC2BCD12410063D163 /* Release */,
			);
			defaultConfigurationIsVisible = 0;
			defaultConfigurationName = Release;
		};
		868471ED2BCD12410063D163 /* Build configuration list for PBXNativeTarget "MessengerUITests" */ = {
			isa = XCConfigurationList;
			buildConfigurations = (
				868471EE2BCD12410063D163 /* Debug */,
				868471EF2BCD12410063D163 /* Release */,
			);
			defaultConfigurationIsVisible = 0;
			defaultConfigurationName = Release;
		};
/* End XCConfigurationList section */

/* Begin XCRemoteSwiftPackageReference section */
		865255512BD4F2910033E485 /* XCRemoteSwiftPackageReference "firebase-ios-sdk" */ = {
			isa = XCRemoteSwiftPackageReference;
			repositoryURL = "https://github.com/firebase/firebase-ios-sdk";
			requirement = {
				kind = upToNextMajorVersion;
				minimumVersion = 10.24.0;
			};
		};
		865255642BD640CE0033E485 /* XCRemoteSwiftPackageReference "GoogleSignIn-iOS" */ = {
			isa = XCRemoteSwiftPackageReference;
			repositoryURL = "https://github.com/google/GoogleSignIn-iOS";
			requirement = {
				kind = upToNextMajorVersion;
				minimumVersion = 7.1.0;
			};
		};
/* End XCRemoteSwiftPackageReference section */

/* Begin XCSwiftPackageProductDependency section */
		865255522BD4F2910033E485 /* FirebaseAuth */ = {
			isa = XCSwiftPackageProductDependency;
			package = 865255512BD4F2910033E485 /* XCRemoteSwiftPackageReference "firebase-ios-sdk" */;
			productName = FirebaseAuth;
		};
		865255652BD640CE0033E485 /* GoogleSignIn */ = {
			isa = XCSwiftPackageProductDependency;
			package = 865255642BD640CE0033E485 /* XCRemoteSwiftPackageReference "GoogleSignIn-iOS" */;
			productName = GoogleSignIn;
		};
		86910F1F2BE7A73E0031043B /* FirebaseStorage */ = {
			isa = XCSwiftPackageProductDependency;
			package = 865255512BD4F2910033E485 /* XCRemoteSwiftPackageReference "firebase-ios-sdk" */;
			productName = FirebaseStorage;
		};
		86910F212BE7A73E0031043B /* FirebaseStorageCombine-Community */ = {
			isa = XCSwiftPackageProductDependency;
			package = 865255512BD4F2910033E485 /* XCRemoteSwiftPackageReference "firebase-ios-sdk" */;
			productName = "FirebaseStorageCombine-Community";
		};
		86EE0D2E2BDAC43F009BD327 /* FirebaseDatabase */ = {
			isa = XCSwiftPackageProductDependency;
			package = 865255512BD4F2910033E485 /* XCRemoteSwiftPackageReference "firebase-ios-sdk" */;
			productName = FirebaseDatabase;
		};
/* End XCSwiftPackageProductDependency section */
	};
	rootObject = 868471BB2BCD123F0063D163 /* Project object */;
}
